{
  "version": 4,
  "terraform_version": "1.1.6",
  "serial": 1215,
  "lineage": "c0d2c884-7b02-f877-113b-f69f907d02fb",
  "outputs": {
    "aws_auth_configmap_yaml": {
      "value": "apiVersion: v1\nkind: ConfigMap\nmetadata:\n  name: aws-auth\n  namespace: kube-system\ndata:\n  mapRoles: |\n    - rolearn: arn:aws:iam::618965466527:role/first-eks-node-group-20220224191303129300000002\n      username: system:node:{{EC2PrivateDNSName}}\n      groups:\n        - system:bootstrappers\n        - system:nodes\n",
      "type": "string"
    },
    "cloudwatch_log_group_arn": {
      "value": "arn:aws:logs:ap-south-1:618965466527:log-group:/aws/eks/chaos_genius-poc/cluster",
      "type": "string"
    },
    "cloudwatch_log_group_name": {
      "value": "/aws/eks/chaos_genius-poc/cluster",
      "type": "string"
    },
    "cluster_addons": {
      "value": {
        "coredns": {
          "addon_name": "coredns",
          "addon_version": "v1.8.4-eksbuild.1",
          "arn": "arn:aws:eks:ap-south-1:618965466527:addon/chaos_genius-poc/coredns/9abf9699-01a3-3135-79f9-eaddbada732b",
          "cluster_name": "chaos_genius-poc",
          "created_at": "2022-02-24T19:25:26Z",
          "id": "chaos_genius-poc:coredns",
          "modified_at": "2022-02-24T19:25:33Z",
          "resolve_conflicts": "OVERWRITE",
          "service_account_role_arn": "",
          "tags": null,
          "tags_all": {}
        },
        "kube-proxy": {
          "addon_name": "kube-proxy",
          "addon_version": "v1.21.2-eksbuild.2",
          "arn": "arn:aws:eks:ap-south-1:618965466527:addon/chaos_genius-poc/kube-proxy/f8bf9699-01a8-15a3-58fa-9051d3f46b86",
          "cluster_name": "chaos_genius-poc",
          "created_at": "2022-02-24T19:25:26Z",
          "id": "chaos_genius-poc:kube-proxy",
          "modified_at": "2022-02-24T19:25:30Z",
          "resolve_conflicts": null,
          "service_account_role_arn": "",
          "tags": null,
          "tags_all": {}
        },
        "vpc-cni": {
          "addon_name": "vpc-cni",
          "addon_version": "v1.10.1-eksbuild.1",
          "arn": "arn:aws:eks:ap-south-1:618965466527:addon/chaos_genius-poc/vpc-cni/f2bf9699-01a5-30b2-0ad6-4de9faa80d7a",
          "cluster_name": "chaos_genius-poc",
          "created_at": "2022-02-24T19:25:26Z",
          "id": "chaos_genius-poc:vpc-cni",
          "modified_at": "2022-02-24T19:25:58Z",
          "resolve_conflicts": "OVERWRITE",
          "service_account_role_arn": "",
          "tags": null,
          "tags_all": {}
        }
      },
      "type": [
        "object",
        {
          "coredns": [
            "object",
            {
              "addon_name": "string",
              "addon_version": "string",
              "arn": "string",
              "cluster_name": "string",
              "created_at": "string",
              "id": "string",
              "modified_at": "string",
              "resolve_conflicts": "string",
              "service_account_role_arn": "string",
              "tags": [
                "map",
                "string"
              ],
              "tags_all": [
                "map",
                "string"
              ]
            }
          ],
          "kube-proxy": [
            "object",
            {
              "addon_name": "string",
              "addon_version": "string",
              "arn": "string",
              "cluster_name": "string",
              "created_at": "string",
              "id": "string",
              "modified_at": "string",
              "resolve_conflicts": "string",
              "service_account_role_arn": "string",
              "tags": [
                "map",
                "string"
              ],
              "tags_all": [
                "map",
                "string"
              ]
            }
          ],
          "vpc-cni": [
            "object",
            {
              "addon_name": "string",
              "addon_version": "string",
              "arn": "string",
              "cluster_name": "string",
              "created_at": "string",
              "id": "string",
              "modified_at": "string",
              "resolve_conflicts": "string",
              "service_account_role_arn": "string",
              "tags": [
                "map",
                "string"
              ],
              "tags_all": [
                "map",
                "string"
              ]
            }
          ]
        }
      ]
    },
    "cluster_arn": {
      "value": "arn:aws:eks:ap-south-1:618965466527:cluster/chaos_genius-poc",
      "type": "string"
    },
    "cluster_certificate_authority_data": {
      "value": "LS0tLS1CRUdJTiBDRVJUSUZJQ0FURS0tLS0tCk1JSUM1ekNDQWMrZ0F3SUJBZ0lCQURBTkJna3Foa2lHOXcwQkFRc0ZBREFWTVJNd0VRWURWUVFERXdwcmRXSmwKY201bGRHVnpNQjRYRFRJeU1ESXlOREU1TVRnek5Wb1hEVE15TURJeU1qRTVNVGd6TlZvd0ZURVRNQkVHQTFVRQpBeE1LYTNWaVpYSnVaWFJsY3pDQ0FTSXdEUVlKS29aSWh2Y05BUUVCQlFBRGdnRVBBRENDQVFvQ2dnRUJBTEpiCnpuL1JZMnVpRjhucVJsbWg2MHNJNUtjUGk4RS9jMHY3bGlxM1lTMHhsT2kvKzBCYXVNSGdGa0FYQkFPMU5IU04KK0FFTWgrTDdhQW9hR0xKUmQrWTgwSUlvUXROUGFlYVkrazJSa3RFVFNObG55ZzVMK1I4eGxhQnJvanRWTXlkMwpIS25oNG5tYWs5QzNDQ0FCVXlKaTRTQW1OOG4rWjBtMG8wRTlNUDRxUlplM290TnhDSGE3MFhHUE1LR2dOeGxIClN4V0RUYjk3akIreTh4VU91ZEZkREQ1KzltNE1RMXdlRkJIVFQzVVJFcDZuempTYndiM2xWZ3RMNlh3a1lra1UKRVV2WlRVZElRdjhnOTgyaEVGL0ZjcVZJYTd2STFRSmRNUnhMMTRXeE14SXRER2xORzBzVWU3ZjFpUGk3dGszSgpVV21KMWhEWmVYY1k3c281bVhrQ0F3RUFBYU5DTUVBd0RnWURWUjBQQVFIL0JBUURBZ0trTUE4R0ExVWRFd0VCCi93UUZNQU1CQWY4d0hRWURWUjBPQkJZRUZIWWVib2hrYnBmWmk0eTAwTW13Z21ndzhaR0hNQTBHQ1NxR1NJYjMKRFFFQkN3VUFBNElCQVFCRXF2QmViWWNDT3J1WGJpYW5CeFY4M0syZmZTbFhYS1A4SFNSVk9pdkZLOGZJMUhRdQpNZGpxSm1sOTRWNHVpQVkxMEhSMEkrd0Z1NXRzcG9WdUhaVmNjMkY1SjlMU2V6MmNnQ1ZFZWdIajBmUzVLRkNrCkpCTVFhV3NQeDl0Ly9vYTg0TkdMajNsUW5nRFZ1V3orbnB1YlVkZUM3aHNCcGhLbEhNOTJrRmxIRXA4VEhNMFgKSXhucTlzMjJnaW8zS1ZLTE1NaW9aYzBoUDc5cjZWR2ZNbjA4TGJ4SWtGMjRPZHFkNHlyVUNEclp6SDdJTG54aAo4WlNxYjk2dVV4ZXo1ekhlM25JbFFadm9RdzNIMFBINjlLWThVTWRjemt0UGhnc0JXT0JWYXp4MFA4elo2dHk2CjlNV1B2SUVFRVV4cEc2SUtaTWVSaEtSU0s3c2RnYkc1UnIrYgotLS0tLUVORCBDRVJUSUZJQ0FURS0tLS0tCg==",
      "type": "string"
    },
    "cluster_endpoint": {
      "value": "https://8B0EA57F27E815F1D9815A2604AB0321.gr7.ap-south-1.eks.amazonaws.com",
      "type": "string"
    },
    "cluster_iam_role_arn": {
      "value": "arn:aws:iam::618965466527:role/chaos_genius-poc-cluster-20220224191303128700000001",
      "type": "string"
    },
    "cluster_iam_role_name": {
      "value": "chaos_genius-poc-cluster-20220224191303128700000001",
      "type": "string"
    },
    "cluster_iam_role_unique_id": {
      "value": "AROAZAHJXPWP3OQMMZZIN",
      "type": "string"
    },
    "cluster_id": {
      "value": "chaos_genius-poc",
      "type": "string"
    },
    "cluster_identity_providers": {
      "value": {},
      "type": [
        "object",
        {}
      ]
    },
    "cluster_name": {
      "value": "chaos_genius-poc",
      "type": "string"
    },
    "cluster_oidc_issuer_url": {
      "value": "https://oidc.eks.ap-south-1.amazonaws.com/id/8B0EA57F27E815F1D9815A2604AB0321",
      "type": "string"
    },
    "cluster_platform_version": {
      "value": "eks.4",
      "type": "string"
    },
    "cluster_primary_security_group_id": {
      "value": "sg-00d9e829d90e6b2dd",
      "type": "string"
    },
    "cluster_security_group_arn": {
      "value": "arn:aws:ec2:ap-south-1:618965466527:security-group/sg-0a074052f8ccfb53f",
      "type": "string"
    },
    "cluster_security_group_id": {
      "value": "sg-0a074052f8ccfb53f",
      "type": "string"
    },
    "cluster_status": {
      "value": "ACTIVE",
      "type": "string"
    },
    "eks_managed_node_groups": {
      "value": {
        "first": {
          "iam_role_arn": "arn:aws:iam::618965466527:role/first-eks-node-group-20220224191303129300000002",
          "iam_role_name": "first-eks-node-group-20220224191303129300000002",
          "iam_role_unique_id": "AROAZAHJXPWPXU62MOGZY",
          "launch_template_arn": "arn:aws:ec2:ap-south-1:618965466527:launch-template/lt-077e85c55e0eb1152",
          "launch_template_id": "lt-077e85c55e0eb1152",
          "launch_template_latest_version": 1,
          "node_group_arn": "arn:aws:eks:ap-south-1:618965466527:nodegroup/chaos_genius-poc/first-2022022419225699950000000d/a2bf9697-dd2c-a321-3aee-473892a8fb4a",
          "node_group_id": "chaos_genius-poc:first-2022022419225699950000000d",
          "node_group_resources": [
            {
              "autoscaling_groups": [
                {
                  "name": "eks-first-2022022419225699950000000d-a2bf9697-dd2c-a321-3aee-473892a8fb4a"
                }
              ],
              "remote_access_security_group_id": ""
            }
          ],
          "node_group_status": "arn:aws:eks:ap-south-1:618965466527:nodegroup/chaos_genius-poc/first-2022022419225699950000000d/a2bf9697-dd2c-a321-3aee-473892a8fb4a",
          "security_group_arn": "arn:aws:ec2:ap-south-1:618965466527:security-group/sg-0139967169a896536",
          "security_group_id": "sg-0139967169a896536"
        }
      },
      "type": [
        "object",
        {
          "first": [
            "object",
            {
              "iam_role_arn": "string",
              "iam_role_name": "string",
              "iam_role_unique_id": "string",
              "launch_template_arn": "string",
              "launch_template_id": "string",
              "launch_template_latest_version": "number",
              "node_group_arn": "string",
              "node_group_id": "string",
              "node_group_resources": [
                "list",
                [
                  "object",
                  {
                    "autoscaling_groups": [
                      "list",
                      [
                        "object",
                        {
                          "name": "string"
                        }
                      ]
                    ],
                    "remote_access_security_group_id": "string"
                  }
                ]
              ],
              "node_group_status": "string",
              "security_group_arn": "string",
              "security_group_id": "string"
            }
          ]
        }
      ]
    },
    "fargate_profiles": {
      "value": {},
      "type": [
        "object",
        {}
      ]
    },
    "node_security_group_arn": {
      "value": "arn:aws:ec2:ap-south-1:618965466527:security-group/sg-05a00444f48e416a3",
      "type": "string"
    },
    "node_security_group_id": {
      "value": "sg-05a00444f48e416a3",
      "type": "string"
    },
    "oidc_provider": {
      "value": "oidc.eks.ap-south-1.amazonaws.com/id/8B0EA57F27E815F1D9815A2604AB0321",
      "type": "string"
    },
    "oidc_provider_arn": {
      "value": "arn:aws:iam::618965466527:oidc-provider/oidc.eks.ap-south-1.amazonaws.com/id/8B0EA57F27E815F1D9815A2604AB0321",
      "type": "string"
    },
    "region": {
      "value": "ap-south-1",
      "type": "string"
    },
    "self_managed_node_groups": {
      "value": {},
      "type": [
        "object",
        {}
      ]
    }
  },
  "resources": [
    {
      "mode": "data",
      "type": "aws_availability_zones",
      "name": "available",
      "provider": "provider[\"registry.terraform.io/hashicorp/aws\"]",
      "instances": [
        {
          "schema_version": 0,
          "attributes": {
            "all_availability_zones": null,
            "exclude_names": null,
            "exclude_zone_ids": null,
            "filter": null,
            "group_names": [
              "ap-south-1"
            ],
            "id": "ap-south-1",
            "names": [
              "ap-south-1a",
              "ap-south-1b",
              "ap-south-1c"
            ],
            "state": null,
            "zone_ids": [
              "aps1-az1",
              "aps1-az3",
              "aps1-az2"
            ]
          },
          "sensitive_attributes": []
        }
      ]
    },
    {
      "mode": "data",
      "type": "aws_eks_cluster_auth",
      "name": "this",
      "provider": "provider[\"registry.terraform.io/hashicorp/aws\"]",
      "instances": [
        {
          "schema_version": 0,
          "attributes": {
            "id": "chaos_genius-poc",
            "name": "chaos_genius-poc",
            "token": "k8s-aws-v1.aHR0cHM6Ly9zdHMuYW1hem9uYXdzLmNvbS8_QWN0aW9uPUdldENhbGxlcklkZW50aXR5JlZlcnNpb249MjAxMS0wNi0xNSZYLUFtei1BbGdvcml0aG09QVdTNC1ITUFDLVNIQTI1NiZYLUFtei1DcmVkZW50aWFsPUFLSUFaQUhKWFBXUFRXRlhIVkhHJTJGMjAyMjAyMjQlMkZ1cy1lYXN0LTElMkZzdHMlMkZhd3M0X3JlcXVlc3QmWC1BbXotRGF0ZT0yMDIyMDIyNFQxOTIyNTZaJlgtQW16LUV4cGlyZXM9MCZYLUFtei1TaWduZWRIZWFkZXJzPWhvc3QlM0J4LWs4cy1hd3MtaWQmWC1BbXotU2lnbmF0dXJlPWM2NGZjZTdmMmRhODZmNTEyN2RmMzliYmZkNzE2MDc3NTA3Nzg4NmI1NDhjNzE4MmMxNDM2MWExOTMxZWVlNzE"
          },
          "sensitive_attributes": []
        }
      ]
    },
    {
      "mode": "managed",
      "type": "null_resource",
      "name": "patch",
      "provider": "provider[\"registry.terraform.io/hashicorp/null\"]",
      "instances": [
        {
          "schema_version": 0,
          "attributes": {
            "id": "5883905105541076262",
            "triggers": {
              "cmd_patch": "kubectl patch configmap/aws-auth --patch \"apiVersion: v1\nkind: ConfigMap\nmetadata:\n  name: aws-auth\n  namespace: kube-system\ndata:\n  mapRoles: |\n    - rolearn: arn:aws:iam::618965466527:role/first-eks-node-group-20220224191303129300000002\n      username: system:node:{{EC2PrivateDNSName}}\n      groups:\n        - system:bootstrappers\n        - system:nodes\n\" -n kube-system --kubeconfig \u003c(echo $KUBECONFIG | base64 --decode)",
              "kubeconfig": "ImFwaVZlcnNpb24iOiAidjEiCiJjbHVzdGVycyI6Ci0gImNsdXN0ZXIiOgogICAgImNlcnRpZmljYXRlLWF1dGhvcml0eS1kYXRhIjogIkxTMHRMUzFDUlVkSlRpQkRSVkpVU1VaSlEwRlVSUzB0TFMwdENrMUpTVU0xZWtORFFXTXJaMEYzU1VKQlowbENRVVJCVGtKbmEzRm9hMmxIT1hjd1FrRlJjMFpCUkVGV1RWSk5kMFZSV1VSV1VWRkVSWGR3Y21SWFNtd0tZMjAxYkdSSFZucE5RalJZUkZSSmVVMUVTWGxPUkVVMVRWUm5lazVXYjFoRVZFMTVUVVJKZVUxcVJUVk5WR2Q2VGxadmQwWlVSVlJOUWtWSFFURlZSUXBCZUUxTFlUTldhVnBZU25WYVdGSnNZM3BEUTBGVFNYZEVVVmxLUzI5YVNXaDJZMDVCVVVWQ1FsRkJSR2RuUlZCQlJFTkRRVkZ2UTJkblJVSkJURXBpQ25wdUwxSlpNblZwUmpodWNWSnNiV2cyTUhOSk5VdGpVR2s0UlM5ak1IWTNiR2x4TTFsVE1IaHNUMmt2S3pCQ1lYVk5TR2RHYTBGWVFrRlBNVTVJVTA0S0swRkZUV2dyVERkaFFXOWhSMHhLVW1RcldUZ3dTVWx2VVhST1VHRmxZVmtyYXpKU2EzUkZWRk5PYkc1NVp6Vk1LMUk0ZUd4aFFuSnZhblJXVFhsa013cElTMjVvTkc1dFlXczVRek5EUTBGQ1ZYbEthVFJUUVcxT09HNHJXakJ0TUc4d1JUbE5VRFJ4VWxwbE0yOTBUbmhEU0dFM01GaEhVRTFMUjJkT2VHeElDbE40VjBSVVlqazNha0lyZVRoNFZVOTFaRVprUkVRMUt6bHRORTFSTVhkbFJrSklWRlF6VlZKRmNEWnVlbXBUWW5kaU0yeFdaM1JNTmxoM2ExbHJhMVVLUlZWMldsUlZaRWxSZGpobk9UZ3lhRVZHTDBaamNWWkpZVGQyU1RGUlNtUk5VbmhNTVRSWGVFMTRTWFJFUjJ4T1J6QnpWV1UzWmpGcFVHazNkR3N6U2dwVlYyMUtNV2hFV21WWVkxazNjMjgxYlZoclEwRjNSVUZCWVU1RFRVVkJkMFJuV1VSV1VqQlFRVkZJTDBKQlVVUkJaMHRyVFVFNFIwRXhWV1JGZDBWQ0NpOTNVVVpOUVUxQ1FXWTRkMGhSV1VSV1VqQlBRa0paUlVaSVdXVmliMmhyWW5CbVdtazBlVEF3VFcxM1oyMW5kemhhUjBoTlFUQkhRMU54UjFOSllqTUtSRkZGUWtOM1ZVRkJORWxDUVZGQ1JYRjJRbVZpV1dORFQzSjFXR0pwWVc1Q2VGWTRNMHN5Wm1aVGJGaFlTMUE0U0ZOU1ZrOXBka1pMT0daSk1VaFJkUXBOWkdweFNtMXNPVFJXTkhWcFFWa3hNRWhTTUVrcmQwWjFOWFJ6Y0c5V2RVaGFWbU5qTWtZMVNqbE1VMlY2TW1OblExWkZaV2RJYWpCbVV6VkxSa05yQ2twQ1RWRmhWM05RZURsMEx5OXZZVGcwVGtkTWFqTnNVVzVuUkZaMVYzb3JibkIxWWxWa1pVTTNhSE5DY0doTGJFaE5PVEpyUm14SVJYQTRWRWhOTUZnS1NYaHVjVGx6TWpKbmFXOHpTMVpMVEUxTmFXOWFZekJvVURjNWNqWldSMlpOYmpBNFRHSjRTV3RHTWpSUFpIRmtOSGx5VlVORWNscDZTRGRKVEc1NGFBbzRXbE54WWprMmRWVjRaWG8xZWtobE0yNUpiRkZhZG05UmR6TklNRkJJTmpsTFdUaFZUV1JqZW10MFVHaG5jMEpYVDBKV1lYcDRNRkE0ZWxvMmRIazJDamxOVjFCMlNVVkZSVlY0Y0VjMlNVdGFUV1ZTYUV0U1UwczNjMlJuWWtjMVVuSXJZZ290TFMwdExVVk9SQ0JEUlZKVVNVWkpRMEZVUlMwdExTMHRDZz09IgogICAgInNlcnZlciI6ICJodHRwczovLzhCMEVBNTdGMjdFODE1RjFEOTgxNUEyNjA0QUIwMzIxLmdyNy5hcC1zb3V0aC0xLmVrcy5hbWF6b25hd3MuY29tIgogICJuYW1lIjogImNoYW9zX2dlbml1cy1wb2MiCiJjb250ZXh0cyI6Ci0gImNvbnRleHQiOgogICAgImNsdXN0ZXIiOiAiY2hhb3NfZ2VuaXVzLXBvYyIKICAgICJ1c2VyIjogInRlcnJhZm9ybSIKICAibmFtZSI6ICJ0ZXJyYWZvcm0iCiJjdXJyZW50LWNvbnRleHQiOiAidGVycmFmb3JtIgoia2luZCI6ICJDb25maWciCiJ1c2VycyI6Ci0gIm5hbWUiOiAidGVycmFmb3JtIgogICJ1c2VyIjoKICAgICJ0b2tlbiI6ICJrOHMtYXdzLXYxLmFIUjBjSE02THk5emRITXVZVzFoZW05dVlYZHpMbU52YlM4X1FXTjBhVzl1UFVkbGRFTmhiR3hsY2tsa1pXNTBhWFI1SmxabGNuTnBiMjQ5TWpBeE1TMHdOaTB4TlNaWUxVRnRlaTFCYkdkdmNtbDBhRzA5UVZkVE5DMUlUVUZETFZOSVFUSTFOaVpZTFVGdGVpMURjbVZrWlc1MGFXRnNQVUZMU1VGYVFVaEtXRkJYVUZSWFJsaElWa2hISlRKR01qQXlNakF5TWpRbE1rWjFjeTFsWVhOMExURWxNa1p6ZEhNbE1rWmhkM00wWDNKbGNYVmxjM1FtV0MxQmJYb3RSR0YwWlQweU1ESXlNREl5TkZReE9USXlOVFphSmxndFFXMTZMVVY0Y0dseVpYTTlNQ1pZTFVGdGVpMVRhV2R1WldSSVpXRmtaWEp6UFdodmMzUWxNMEo0TFdzNGN5MWhkM010YVdRbVdDMUJiWG90VTJsbmJtRjBkWEpsUFdNMk5HWmpaVGRtTW1SaE9EWm1OVEV5TjJSbU16bGlZbVprTnpFMk1EYzNOVEEzTnpnNE5tSTFORGhqTnpFNE1tTXhORE0yTVdFeE9UTXhaV1ZsTnpFIgo="
            }
          },
          "sensitive_attributes": [
            [
              {
                "type": "get_attr",
                "value": "triggers"
              },
              {
                "type": "index",
                "value": {
                  "value": "kubeconfig",
                  "type": "string"
                }
              }
            ]
          ],
          "private": "bnVsbA==",
          "dependencies": [
            "data.aws_availability_zones.available",
            "data.aws_eks_cluster_auth.this",
            "module.eks.aws_cloudwatch_log_group.this",
            "module.eks.aws_eks_cluster.this",
            "module.eks.aws_iam_role.this",
            "module.eks.aws_iam_role_policy_attachment.this",
            "module.eks.aws_security_group.cluster",
            "module.eks.aws_security_group.node",
            "module.eks.aws_security_group_rule.cluster",
            "module.eks.aws_security_group_rule.node",
            "module.eks.data.aws_iam_policy_document.assume_role_policy",
            "module.eks.data.aws_partition.current",
            "module.eks.module.eks_managed_node_group.aws_eks_node_group.this",
            "module.eks.module.eks_managed_node_group.aws_iam_role.this",
            "module.eks.module.eks_managed_node_group.aws_iam_role_policy_attachment.this",
            "module.eks.module.eks_managed_node_group.aws_launch_template.this",
            "module.eks.module.eks_managed_node_group.aws_security_group.this",
            "module.eks.module.eks_managed_node_group.aws_security_group_rule.this",
            "module.eks.module.eks_managed_node_group.data.aws_caller_identity.current",
            "module.eks.module.eks_managed_node_group.data.aws_iam_policy_document.assume_role_policy",
            "module.eks.module.eks_managed_node_group.data.aws_partition.current",
            "module.eks.module.eks_managed_node_group.module.user_data.data.cloudinit_config.linux_eks_managed_node_group",
            "module.eks.module.fargate_profile.aws_eks_fargate_profile.this",
            "module.eks.module.fargate_profile.aws_iam_role.this",
            "module.eks.module.fargate_profile.aws_iam_role_policy_attachment.this",
            "module.eks.module.fargate_profile.data.aws_caller_identity.current",
            "module.eks.module.fargate_profile.data.aws_iam_policy_document.assume_role_policy",
            "module.eks.module.fargate_profile.data.aws_partition.current",
            "module.eks.module.self_managed_node_group.aws_autoscaling_group.this",
            "module.eks.module.self_managed_node_group.aws_autoscaling_schedule.this",
            "module.eks.module.self_managed_node_group.aws_iam_instance_profile.this",
            "module.eks.module.self_managed_node_group.aws_iam_role.this",
            "module.eks.module.self_managed_node_group.aws_iam_role_policy_attachment.this",
            "module.eks.module.self_managed_node_group.aws_launch_template.this",
            "module.eks.module.self_managed_node_group.aws_security_group.this",
            "module.eks.module.self_managed_node_group.aws_security_group_rule.this",
            "module.eks.module.self_managed_node_group.data.aws_ami.eks_default",
            "module.eks.module.self_managed_node_group.data.aws_caller_identity.current",
            "module.eks.module.self_managed_node_group.data.aws_iam_policy_document.assume_role_policy",
            "module.eks.module.self_managed_node_group.data.aws_partition.current",
            "module.eks.module.self_managed_node_group.module.user_data.data.cloudinit_config.linux_eks_managed_node_group",
            "module.vpc.aws_subnet.private",
            "module.vpc.aws_vpc.this",
            "module.vpc.aws_vpc_ipv4_cidr_block_association.this"
          ]
        }
      ]
    },
    {
      "mode": "managed",
      "type": "random_integer",
      "name": "rand",
      "provider": "provider[\"registry.terraform.io/hashicorp/random\"]",
      "instances": [
        {
          "schema_version": 0,
          "attributes": {
            "id": "61110",
            "keepers": null,
            "max": 99999,
            "min": 10000,
            "result": 61110,
            "seed": null
          },
          "sensitive_attributes": [],
          "private": "bnVsbA=="
        }
      ]
    },
    {
      "module": "module.eks",
      "mode": "data",
      "type": "aws_iam_policy_document",
      "name": "assume_role_policy",
      "provider": "provider[\"registry.terraform.io/hashicorp/aws\"]",
      "instances": [
        {
          "index_key": 0,
          "schema_version": 0,
          "attributes": {
            "id": "2764486067",
            "json": "{\n  \"Version\": \"2012-10-17\",\n  \"Statement\": [\n    {\n      \"Sid\": \"EKSClusterAssumeRole\",\n      \"Effect\": \"Allow\",\n      \"Action\": \"sts:AssumeRole\",\n      \"Principal\": {\n        \"Service\": \"eks.amazonaws.com\"\n      }\n    }\n  ]\n}",
            "override_json": null,
            "override_policy_documents": null,
            "policy_id": null,
            "source_json": null,
            "source_policy_documents": null,
            "statement": [
              {
                "actions": [
                  "sts:AssumeRole"
                ],
                "condition": [],
                "effect": "Allow",
                "not_actions": [],
                "not_principals": [],
                "not_resources": [],
                "principals": [
                  {
                    "identifiers": [
                      "eks.amazonaws.com"
                    ],
                    "type": "Service"
                  }
                ],
                "resources": [],
                "sid": "EKSClusterAssumeRole"
              }
            ],
            "version": "2012-10-17"
          },
          "sensitive_attributes": []
        }
      ]
    },
    {
      "module": "module.eks",
      "mode": "data",
      "type": "aws_partition",
      "name": "current",
      "provider": "provider[\"registry.terraform.io/hashicorp/aws\"]",
      "instances": [
        {
          "schema_version": 0,
          "attributes": {
            "dns_suffix": "amazonaws.com",
            "id": "aws",
            "partition": "aws",
            "reverse_dns_prefix": "com.amazonaws"
          },
          "sensitive_attributes": []
        }
      ]
    },
    {
      "module": "module.eks",
      "mode": "data",
      "type": "tls_certificate",
      "name": "this",
      "provider": "provider[\"registry.terraform.io/hashicorp/tls\"]",
      "instances": [
        {
          "index_key": 0,
          "schema_version": 0,
          "attributes": {
            "certificates": [
              {
                "is_ca": true,
                "issuer": "OU=Starfield Class 2 Certification Authority,O=Starfield Technologies\\, Inc.,C=US",
                "not_after": "2034-06-28T17:39:16Z",
                "not_before": "2009-09-02T00:00:00Z",
                "public_key_algorithm": "RSA",
                "serial_number": "12037640545166866303",
                "sha1_fingerprint": "9e99a48a9960b14926bb7f3b02e22da2b0ab7280",
                "signature_algorithm": "SHA256-RSA",
                "subject": "CN=Starfield Services Root Certificate Authority - G2,O=Starfield Technologies\\, Inc.,L=Scottsdale,ST=Arizona,C=US",
                "version": 3
              },
              {
                "is_ca": true,
                "issuer": "CN=Starfield Services Root Certificate Authority - G2,O=Starfield Technologies\\, Inc.,L=Scottsdale,ST=Arizona,C=US",
                "not_after": "2037-12-31T01:00:00Z",
                "not_before": "2015-05-25T12:00:00Z",
                "public_key_algorithm": "RSA",
                "serial_number": "144918191876577076464031512351042010504348870",
                "sha1_fingerprint": "06b25927c42a721631c1efd9431e648fa62e1e39",
                "signature_algorithm": "SHA256-RSA",
                "subject": "CN=Amazon Root CA 1,O=Amazon,C=US",
                "version": 3
              },
              {
                "is_ca": true,
                "issuer": "CN=Amazon Root CA 1,O=Amazon,C=US",
                "not_after": "2025-10-19T00:00:00Z",
                "not_before": "2015-10-22T00:00:00Z",
                "public_key_algorithm": "RSA",
                "serial_number": "144918209630989264145272943054026349679957517",
                "sha1_fingerprint": "917e732d330f9a12404f73d8bea36948b929dffc",
                "signature_algorithm": "SHA256-RSA",
                "subject": "CN=Amazon,OU=Server CA 1B,O=Amazon,C=US",
                "version": 3
              },
              {
                "is_ca": false,
                "issuer": "CN=Amazon,OU=Server CA 1B,O=Amazon,C=US",
                "not_after": "2022-07-13T23:59:59Z",
                "not_before": "2021-06-14T00:00:00Z",
                "public_key_algorithm": "RSA",
                "serial_number": "8633423592564406822158690902128933811",
                "sha1_fingerprint": "3b70bbfd4db958831441c2b24eb75a1304b464f4",
                "signature_algorithm": "SHA256-RSA",
                "subject": "CN=oidc.eks.ap-south-1.amazonaws.com",
                "version": 3
              }
            ],
            "id": "2022-02-24 19:22:56.652235823 +0000 UTC",
            "url": "https://oidc.eks.ap-south-1.amazonaws.com/id/8B0EA57F27E815F1D9815A2604AB0321",
            "verify_chain": true
          },
          "sensitive_attributes": []
        }
      ]
    },
    {
      "module": "module.eks",
      "mode": "managed",
      "type": "aws_cloudwatch_log_group",
      "name": "this",
      "provider": "provider[\"registry.terraform.io/hashicorp/aws\"]",
      "instances": [
        {
          "index_key": 0,
          "schema_version": 0,
          "attributes": {
            "arn": "arn:aws:logs:ap-south-1:618965466527:log-group:/aws/eks/chaos_genius-poc/cluster",
            "id": "/aws/eks/chaos_genius-poc/cluster",
            "kms_key_id": "",
            "name": "/aws/eks/chaos_genius-poc/cluster",
            "name_prefix": null,
            "retention_in_days": 90,
            "tags": null,
            "tags_all": {}
          },
          "sensitive_attributes": [],
          "private": "bnVsbA==",
          "create_before_destroy": true
        }
      ]
    },
    {
      "module": "module.eks",
      "mode": "managed",
      "type": "aws_eks_addon",
      "name": "this",
      "provider": "provider[\"registry.terraform.io/hashicorp/aws\"]",
      "instances": [
        {
          "index_key": "coredns",
          "schema_version": 0,
          "attributes": {
            "addon_name": "coredns",
            "addon_version": "v1.8.4-eksbuild.1",
            "arn": "arn:aws:eks:ap-south-1:618965466527:addon/chaos_genius-poc/coredns/9abf9699-01a3-3135-79f9-eaddbada732b",
            "cluster_name": "chaos_genius-poc",
            "created_at": "2022-02-24T19:25:26Z",
            "id": "chaos_genius-poc:coredns",
            "modified_at": "2022-02-24T19:25:33Z",
            "resolve_conflicts": "OVERWRITE",
            "service_account_role_arn": "",
            "tags": null,
            "tags_all": {}
          },
          "sensitive_attributes": [],
          "private": "bnVsbA==",
          "dependencies": [
            "data.aws_availability_zones.available",
            "module.eks.aws_cloudwatch_log_group.this",
            "module.eks.aws_eks_cluster.this",
            "module.eks.aws_iam_role.this",
            "module.eks.aws_iam_role_policy_attachment.this",
            "module.eks.aws_security_group.cluster",
            "module.eks.aws_security_group.node",
            "module.eks.aws_security_group_rule.cluster",
            "module.eks.aws_security_group_rule.node",
            "module.eks.data.aws_iam_policy_document.assume_role_policy",
            "module.eks.data.aws_partition.current",
            "module.eks.module.eks_managed_node_group.aws_eks_node_group.this",
            "module.eks.module.eks_managed_node_group.aws_iam_role.this",
            "module.eks.module.eks_managed_node_group.aws_iam_role_policy_attachment.this",
            "module.eks.module.eks_managed_node_group.aws_launch_template.this",
            "module.eks.module.eks_managed_node_group.aws_security_group.this",
            "module.eks.module.eks_managed_node_group.aws_security_group_rule.this",
            "module.eks.module.eks_managed_node_group.data.aws_caller_identity.current",
            "module.eks.module.eks_managed_node_group.data.aws_iam_policy_document.assume_role_policy",
            "module.eks.module.eks_managed_node_group.data.aws_partition.current",
            "module.eks.module.eks_managed_node_group.module.user_data.data.cloudinit_config.linux_eks_managed_node_group",
            "module.eks.module.fargate_profile.aws_eks_fargate_profile.this",
            "module.eks.module.fargate_profile.aws_iam_role.this",
            "module.eks.module.fargate_profile.aws_iam_role_policy_attachment.this",
            "module.eks.module.fargate_profile.data.aws_caller_identity.current",
            "module.eks.module.fargate_profile.data.aws_iam_policy_document.assume_role_policy",
            "module.eks.module.fargate_profile.data.aws_partition.current",
            "module.eks.module.self_managed_node_group.aws_autoscaling_group.this",
            "module.eks.module.self_managed_node_group.aws_autoscaling_schedule.this",
            "module.eks.module.self_managed_node_group.aws_iam_instance_profile.this",
            "module.eks.module.self_managed_node_group.aws_iam_role.this",
            "module.eks.module.self_managed_node_group.aws_iam_role_policy_attachment.this",
            "module.eks.module.self_managed_node_group.aws_launch_template.this",
            "module.eks.module.self_managed_node_group.aws_security_group.this",
            "module.eks.module.self_managed_node_group.aws_security_group_rule.this",
            "module.eks.module.self_managed_node_group.data.aws_ami.eks_default",
            "module.eks.module.self_managed_node_group.data.aws_caller_identity.current",
            "module.eks.module.self_managed_node_group.data.aws_iam_policy_document.assume_role_policy",
            "module.eks.module.self_managed_node_group.data.aws_partition.current",
            "module.eks.module.self_managed_node_group.module.user_data.data.cloudinit_config.linux_eks_managed_node_group",
            "module.vpc.aws_subnet.private",
            "module.vpc.aws_vpc.this",
            "module.vpc.aws_vpc_ipv4_cidr_block_association.this"
          ]
        },
        {
          "index_key": "kube-proxy",
          "schema_version": 0,
          "attributes": {
            "addon_name": "kube-proxy",
            "addon_version": "v1.21.2-eksbuild.2",
            "arn": "arn:aws:eks:ap-south-1:618965466527:addon/chaos_genius-poc/kube-proxy/f8bf9699-01a8-15a3-58fa-9051d3f46b86",
            "cluster_name": "chaos_genius-poc",
            "created_at": "2022-02-24T19:25:26Z",
            "id": "chaos_genius-poc:kube-proxy",
            "modified_at": "2022-02-24T19:25:30Z",
            "resolve_conflicts": null,
            "service_account_role_arn": "",
            "tags": null,
            "tags_all": {}
          },
          "sensitive_attributes": [],
          "private": "bnVsbA==",
          "dependencies": [
            "data.aws_availability_zones.available",
            "module.eks.aws_cloudwatch_log_group.this",
            "module.eks.aws_eks_cluster.this",
            "module.eks.aws_iam_role.this",
            "module.eks.aws_iam_role_policy_attachment.this",
            "module.eks.aws_security_group.cluster",
            "module.eks.aws_security_group.node",
            "module.eks.aws_security_group_rule.cluster",
            "module.eks.aws_security_group_rule.node",
            "module.eks.data.aws_iam_policy_document.assume_role_policy",
            "module.eks.data.aws_partition.current",
            "module.eks.module.eks_managed_node_group.aws_eks_node_group.this",
            "module.eks.module.eks_managed_node_group.aws_iam_role.this",
            "module.eks.module.eks_managed_node_group.aws_iam_role_policy_attachment.this",
            "module.eks.module.eks_managed_node_group.aws_launch_template.this",
            "module.eks.module.eks_managed_node_group.aws_security_group.this",
            "module.eks.module.eks_managed_node_group.aws_security_group_rule.this",
            "module.eks.module.eks_managed_node_group.data.aws_caller_identity.current",
            "module.eks.module.eks_managed_node_group.data.aws_iam_policy_document.assume_role_policy",
            "module.eks.module.eks_managed_node_group.data.aws_partition.current",
            "module.eks.module.eks_managed_node_group.module.user_data.data.cloudinit_config.linux_eks_managed_node_group",
            "module.eks.module.fargate_profile.aws_eks_fargate_profile.this",
            "module.eks.module.fargate_profile.aws_iam_role.this",
            "module.eks.module.fargate_profile.aws_iam_role_policy_attachment.this",
            "module.eks.module.fargate_profile.data.aws_caller_identity.current",
            "module.eks.module.fargate_profile.data.aws_iam_policy_document.assume_role_policy",
            "module.eks.module.fargate_profile.data.aws_partition.current",
            "module.eks.module.self_managed_node_group.aws_autoscaling_group.this",
            "module.eks.module.self_managed_node_group.aws_autoscaling_schedule.this",
            "module.eks.module.self_managed_node_group.aws_iam_instance_profile.this",
            "module.eks.module.self_managed_node_group.aws_iam_role.this",
            "module.eks.module.self_managed_node_group.aws_iam_role_policy_attachment.this",
            "module.eks.module.self_managed_node_group.aws_launch_template.this",
            "module.eks.module.self_managed_node_group.aws_security_group.this",
            "module.eks.module.self_managed_node_group.aws_security_group_rule.this",
            "module.eks.module.self_managed_node_group.data.aws_ami.eks_default",
            "module.eks.module.self_managed_node_group.data.aws_caller_identity.current",
            "module.eks.module.self_managed_node_group.data.aws_iam_policy_document.assume_role_policy",
            "module.eks.module.self_managed_node_group.data.aws_partition.current",
            "module.eks.module.self_managed_node_group.module.user_data.data.cloudinit_config.linux_eks_managed_node_group",
            "module.vpc.aws_subnet.private",
            "module.vpc.aws_vpc.this",
            "module.vpc.aws_vpc_ipv4_cidr_block_association.this"
          ]
        },
        {
          "index_key": "vpc-cni",
          "schema_version": 0,
          "attributes": {
            "addon_name": "vpc-cni",
            "addon_version": "v1.10.1-eksbuild.1",
            "arn": "arn:aws:eks:ap-south-1:618965466527:addon/chaos_genius-poc/vpc-cni/f2bf9699-01a5-30b2-0ad6-4de9faa80d7a",
            "cluster_name": "chaos_genius-poc",
            "created_at": "2022-02-24T19:25:26Z",
            "id": "chaos_genius-poc:vpc-cni",
            "modified_at": "2022-02-24T19:25:58Z",
            "resolve_conflicts": "OVERWRITE",
            "service_account_role_arn": "",
            "tags": null,
            "tags_all": {}
          },
          "sensitive_attributes": [],
          "private": "bnVsbA==",
          "dependencies": [
            "data.aws_availability_zones.available",
            "module.eks.aws_cloudwatch_log_group.this",
            "module.eks.aws_eks_cluster.this",
            "module.eks.aws_iam_role.this",
            "module.eks.aws_iam_role_policy_attachment.this",
            "module.eks.aws_security_group.cluster",
            "module.eks.aws_security_group.node",
            "module.eks.aws_security_group_rule.cluster",
            "module.eks.aws_security_group_rule.node",
            "module.eks.data.aws_iam_policy_document.assume_role_policy",
            "module.eks.data.aws_partition.current",
            "module.eks.module.eks_managed_node_group.aws_eks_node_group.this",
            "module.eks.module.eks_managed_node_group.aws_iam_role.this",
            "module.eks.module.eks_managed_node_group.aws_iam_role_policy_attachment.this",
            "module.eks.module.eks_managed_node_group.aws_launch_template.this",
            "module.eks.module.eks_managed_node_group.aws_security_group.this",
            "module.eks.module.eks_managed_node_group.aws_security_group_rule.this",
            "module.eks.module.eks_managed_node_group.data.aws_caller_identity.current",
            "module.eks.module.eks_managed_node_group.data.aws_iam_policy_document.assume_role_policy",
            "module.eks.module.eks_managed_node_group.data.aws_partition.current",
            "module.eks.module.eks_managed_node_group.module.user_data.data.cloudinit_config.linux_eks_managed_node_group",
            "module.eks.module.fargate_profile.aws_eks_fargate_profile.this",
            "module.eks.module.fargate_profile.aws_iam_role.this",
            "module.eks.module.fargate_profile.aws_iam_role_policy_attachment.this",
            "module.eks.module.fargate_profile.data.aws_caller_identity.current",
            "module.eks.module.fargate_profile.data.aws_iam_policy_document.assume_role_policy",
            "module.eks.module.fargate_profile.data.aws_partition.current",
            "module.eks.module.self_managed_node_group.aws_autoscaling_group.this",
            "module.eks.module.self_managed_node_group.aws_autoscaling_schedule.this",
            "module.eks.module.self_managed_node_group.aws_iam_instance_profile.this",
            "module.eks.module.self_managed_node_group.aws_iam_role.this",
            "module.eks.module.self_managed_node_group.aws_iam_role_policy_attachment.this",
            "module.eks.module.self_managed_node_group.aws_launch_template.this",
            "module.eks.module.self_managed_node_group.aws_security_group.this",
            "module.eks.module.self_managed_node_group.aws_security_group_rule.this",
            "module.eks.module.self_managed_node_group.data.aws_ami.eks_default",
            "module.eks.module.self_managed_node_group.data.aws_caller_identity.current",
            "module.eks.module.self_managed_node_group.data.aws_iam_policy_document.assume_role_policy",
            "module.eks.module.self_managed_node_group.data.aws_partition.current",
            "module.eks.module.self_managed_node_group.module.user_data.data.cloudinit_config.linux_eks_managed_node_group",
            "module.vpc.aws_subnet.private",
            "module.vpc.aws_vpc.this",
            "module.vpc.aws_vpc_ipv4_cidr_block_association.this"
          ]
        }
      ]
    },
    {
      "module": "module.eks",
      "mode": "managed",
      "type": "aws_eks_cluster",
      "name": "this",
      "provider": "provider[\"registry.terraform.io/hashicorp/aws\"]",
      "instances": [
        {
          "index_key": 0,
          "schema_version": 0,
          "attributes": {
            "arn": "arn:aws:eks:ap-south-1:618965466527:cluster/chaos_genius-poc",
            "certificate_authority": [
              {
                "data": "LS0tLS1CRUdJTiBDRVJUSUZJQ0FURS0tLS0tCk1JSUM1ekNDQWMrZ0F3SUJBZ0lCQURBTkJna3Foa2lHOXcwQkFRc0ZBREFWTVJNd0VRWURWUVFERXdwcmRXSmwKY201bGRHVnpNQjRYRFRJeU1ESXlOREU1TVRnek5Wb1hEVE15TURJeU1qRTVNVGd6TlZvd0ZURVRNQkVHQTFVRQpBeE1LYTNWaVpYSnVaWFJsY3pDQ0FTSXdEUVlKS29aSWh2Y05BUUVCQlFBRGdnRVBBRENDQVFvQ2dnRUJBTEpiCnpuL1JZMnVpRjhucVJsbWg2MHNJNUtjUGk4RS9jMHY3bGlxM1lTMHhsT2kvKzBCYXVNSGdGa0FYQkFPMU5IU04KK0FFTWgrTDdhQW9hR0xKUmQrWTgwSUlvUXROUGFlYVkrazJSa3RFVFNObG55ZzVMK1I4eGxhQnJvanRWTXlkMwpIS25oNG5tYWs5QzNDQ0FCVXlKaTRTQW1OOG4rWjBtMG8wRTlNUDRxUlplM290TnhDSGE3MFhHUE1LR2dOeGxIClN4V0RUYjk3akIreTh4VU91ZEZkREQ1KzltNE1RMXdlRkJIVFQzVVJFcDZuempTYndiM2xWZ3RMNlh3a1lra1UKRVV2WlRVZElRdjhnOTgyaEVGL0ZjcVZJYTd2STFRSmRNUnhMMTRXeE14SXRER2xORzBzVWU3ZjFpUGk3dGszSgpVV21KMWhEWmVYY1k3c281bVhrQ0F3RUFBYU5DTUVBd0RnWURWUjBQQVFIL0JBUURBZ0trTUE4R0ExVWRFd0VCCi93UUZNQU1CQWY4d0hRWURWUjBPQkJZRUZIWWVib2hrYnBmWmk0eTAwTW13Z21ndzhaR0hNQTBHQ1NxR1NJYjMKRFFFQkN3VUFBNElCQVFCRXF2QmViWWNDT3J1WGJpYW5CeFY4M0syZmZTbFhYS1A4SFNSVk9pdkZLOGZJMUhRdQpNZGpxSm1sOTRWNHVpQVkxMEhSMEkrd0Z1NXRzcG9WdUhaVmNjMkY1SjlMU2V6MmNnQ1ZFZWdIajBmUzVLRkNrCkpCTVFhV3NQeDl0Ly9vYTg0TkdMajNsUW5nRFZ1V3orbnB1YlVkZUM3aHNCcGhLbEhNOTJrRmxIRXA4VEhNMFgKSXhucTlzMjJnaW8zS1ZLTE1NaW9aYzBoUDc5cjZWR2ZNbjA4TGJ4SWtGMjRPZHFkNHlyVUNEclp6SDdJTG54aAo4WlNxYjk2dVV4ZXo1ekhlM25JbFFadm9RdzNIMFBINjlLWThVTWRjemt0UGhnc0JXT0JWYXp4MFA4elo2dHk2CjlNV1B2SUVFRVV4cEc2SUtaTWVSaEtSU0s3c2RnYkc1UnIrYgotLS0tLUVORCBDRVJUSUZJQ0FURS0tLS0tCg=="
              }
            ],
            "created_at": "2022-02-24 19:13:23.789 +0000 UTC",
            "enabled_cluster_log_types": [
              "api",
              "audit",
              "authenticator"
            ],
            "encryption_config": [],
            "endpoint": "https://8B0EA57F27E815F1D9815A2604AB0321.gr7.ap-south-1.eks.amazonaws.com",
            "id": "chaos_genius-poc",
            "identity": [
              {
                "oidc": [
                  {
                    "issuer": "https://oidc.eks.ap-south-1.amazonaws.com/id/8B0EA57F27E815F1D9815A2604AB0321"
                  }
                ]
              }
            ],
            "kubernetes_network_config": [
              {
                "ip_family": "ipv4",
                "service_ipv4_cidr": "172.20.0.0/16"
              }
            ],
            "name": "chaos_genius-poc",
            "platform_version": "eks.4",
            "role_arn": "arn:aws:iam::618965466527:role/chaos_genius-poc-cluster-20220224191303128700000001",
            "status": "ACTIVE",
            "tags": {
              "company": "ChaosGenius",
              "env": "poc",
              "project": "ChaosGenius-k8s-scaling"
            },
            "tags_all": {
              "company": "ChaosGenius",
              "env": "poc",
              "project": "ChaosGenius-k8s-scaling"
            },
            "timeouts": {
              "create": null,
              "delete": null,
              "update": null
            },
            "version": "1.21",
            "vpc_config": [
              {
                "cluster_security_group_id": "sg-00d9e829d90e6b2dd",
                "endpoint_private_access": false,
                "endpoint_public_access": true,
                "public_access_cidrs": [
                  "0.0.0.0/0"
                ],
                "security_group_ids": [
                  "sg-0a074052f8ccfb53f"
                ],
                "subnet_ids": [
                  "subnet-01c0b07f2d5f2d28c",
                  "subnet-034ec6001987ad9d8",
                  "subnet-0af4cdee0f351af68"
                ],
                "vpc_id": "vpc-0ccf3eef7a22febd5"
              }
            ]
          },
          "sensitive_attributes": [],
          "private": "eyJlMmJmYjczMC1lY2FhLTExZTYtOGY4OC0zNDM2M2JjN2M0YzAiOnsiY3JlYXRlIjoxODAwMDAwMDAwMDAwLCJkZWxldGUiOjkwMDAwMDAwMDAwMCwidXBkYXRlIjozNjAwMDAwMDAwMDAwfX0=",
          "dependencies": [
            "data.aws_availability_zones.available",
            "module.eks.aws_cloudwatch_log_group.this",
            "module.eks.aws_iam_role.this",
            "module.eks.aws_iam_role_policy_attachment.this",
            "module.eks.aws_security_group.cluster",
            "module.eks.aws_security_group.node",
            "module.eks.aws_security_group_rule.cluster",
            "module.eks.aws_security_group_rule.node",
            "module.eks.data.aws_iam_policy_document.assume_role_policy",
            "module.eks.data.aws_partition.current",
            "module.vpc.aws_subnet.private",
            "module.vpc.aws_vpc.this",
            "module.vpc.aws_vpc_ipv4_cidr_block_association.this"
          ],
          "create_before_destroy": true
        }
      ]
    },
    {
      "module": "module.eks",
      "mode": "managed",
      "type": "aws_iam_openid_connect_provider",
      "name": "oidc_provider",
      "provider": "provider[\"registry.terraform.io/hashicorp/aws\"]",
      "instances": [
        {
          "index_key": 0,
          "schema_version": 0,
          "attributes": {
            "arn": "arn:aws:iam::618965466527:oidc-provider/oidc.eks.ap-south-1.amazonaws.com/id/8B0EA57F27E815F1D9815A2604AB0321",
            "client_id_list": [
              "sts.amazonaws.com"
            ],
            "id": "arn:aws:iam::618965466527:oidc-provider/oidc.eks.ap-south-1.amazonaws.com/id/8B0EA57F27E815F1D9815A2604AB0321",
            "tags": {
              "Name": "chaos_genius-poc-eks-irsa"
            },
            "tags_all": {
              "Name": "chaos_genius-poc-eks-irsa"
            },
            "thumbprint_list": [
              "9e99a48a9960b14926bb7f3b02e22da2b0ab7280"
            ],
            "url": "oidc.eks.ap-south-1.amazonaws.com/id/8B0EA57F27E815F1D9815A2604AB0321"
          },
          "sensitive_attributes": [],
          "private": "bnVsbA==",
          "dependencies": [
            "data.aws_availability_zones.available",
            "module.eks.aws_cloudwatch_log_group.this",
            "module.eks.aws_eks_cluster.this",
            "module.eks.aws_iam_role.this",
            "module.eks.aws_iam_role_policy_attachment.this",
            "module.eks.aws_security_group.cluster",
            "module.eks.aws_security_group.node",
            "module.eks.aws_security_group_rule.cluster",
            "module.eks.aws_security_group_rule.node",
            "module.eks.data.aws_iam_policy_document.assume_role_policy",
            "module.eks.data.aws_partition.current",
            "module.eks.data.tls_certificate.this",
            "module.vpc.aws_subnet.private",
            "module.vpc.aws_vpc.this",
            "module.vpc.aws_vpc_ipv4_cidr_block_association.this"
          ]
        }
      ]
    },
    {
      "module": "module.eks",
      "mode": "managed",
      "type": "aws_iam_role",
      "name": "this",
      "provider": "provider[\"registry.terraform.io/hashicorp/aws\"]",
      "instances": [
        {
          "index_key": 0,
          "schema_version": 0,
          "attributes": {
            "arn": "arn:aws:iam::618965466527:role/chaos_genius-poc-cluster-20220224191303128700000001",
            "assume_role_policy": "{\"Version\":\"2012-10-17\",\"Statement\":[{\"Sid\":\"EKSClusterAssumeRole\",\"Effect\":\"Allow\",\"Principal\":{\"Service\":\"eks.amazonaws.com\"},\"Action\":\"sts:AssumeRole\"}]}",
            "create_date": "2022-02-24T19:13:04Z",
            "description": "",
            "force_detach_policies": true,
            "id": "chaos_genius-poc-cluster-20220224191303128700000001",
            "inline_policy": [
              {
                "name": "",
                "policy": ""
              }
            ],
            "managed_policy_arns": [],
            "max_session_duration": 3600,
            "name": "chaos_genius-poc-cluster-20220224191303128700000001",
            "name_prefix": "chaos_genius-poc-cluster-",
            "path": "/",
            "permissions_boundary": null,
            "tags": null,
            "tags_all": {},
            "unique_id": "AROAZAHJXPWP3OQMMZZIN"
          },
          "sensitive_attributes": [],
          "private": "bnVsbA==",
          "dependencies": [
            "module.eks.data.aws_iam_policy_document.assume_role_policy"
          ],
          "create_before_destroy": true
        }
      ]
    },
    {
      "module": "module.eks",
      "mode": "managed",
      "type": "aws_iam_role_policy_attachment",
      "name": "this",
      "provider": "provider[\"registry.terraform.io/hashicorp/aws\"]",
      "instances": [
        {
          "index_key": "arn:aws:iam::aws:policy/AmazonEKSClusterPolicy",
          "schema_version": 0,
          "attributes": {
            "id": "chaos_genius-poc-cluster-20220224191303128700000001-20220224191306441000000003",
            "policy_arn": "arn:aws:iam::aws:policy/AmazonEKSClusterPolicy",
            "role": "chaos_genius-poc-cluster-20220224191303128700000001"
          },
          "sensitive_attributes": [],
          "private": "bnVsbA==",
          "dependencies": [
            "module.eks.aws_iam_role.this",
            "module.eks.data.aws_iam_policy_document.assume_role_policy",
            "module.eks.data.aws_partition.current"
          ],
          "create_before_destroy": true
        },
        {
          "index_key": "arn:aws:iam::aws:policy/AmazonEKSVPCResourceController",
          "schema_version": 0,
          "attributes": {
            "id": "chaos_genius-poc-cluster-20220224191303128700000001-20220224191306491800000004",
            "policy_arn": "arn:aws:iam::aws:policy/AmazonEKSVPCResourceController",
            "role": "chaos_genius-poc-cluster-20220224191303128700000001"
          },
          "sensitive_attributes": [],
          "private": "bnVsbA==",
          "dependencies": [
            "module.eks.aws_iam_role.this",
            "module.eks.data.aws_iam_policy_document.assume_role_policy",
            "module.eks.data.aws_partition.current"
          ],
          "create_before_destroy": true
        }
      ]
    },
    {
      "module": "module.eks",
      "mode": "managed",
      "type": "aws_security_group",
      "name": "cluster",
      "provider": "provider[\"registry.terraform.io/hashicorp/aws\"]",
      "instances": [
        {
          "index_key": 0,
          "schema_version": 1,
          "attributes": {
            "arn": "arn:aws:ec2:ap-south-1:618965466527:security-group/sg-0a074052f8ccfb53f",
            "description": "EKS cluster security group",
            "egress": [],
            "id": "sg-0a074052f8ccfb53f",
            "ingress": [],
            "name": "chaos_genius-poc-cluster-2022022419131533710000000a",
            "name_prefix": "chaos_genius-poc-cluster-",
            "owner_id": "618965466527",
            "revoke_rules_on_delete": false,
            "tags": {
              "Name": "chaos_genius-poc-cluster"
            },
            "tags_all": {
              "Name": "chaos_genius-poc-cluster"
            },
            "timeouts": null,
            "vpc_id": "vpc-0ccf3eef7a22febd5"
          },
          "sensitive_attributes": [],
          "private": "eyJlMmJmYjczMC1lY2FhLTExZTYtOGY4OC0zNDM2M2JjN2M0YzAiOnsiY3JlYXRlIjo2MDAwMDAwMDAwMDAsImRlbGV0ZSI6OTAwMDAwMDAwMDAwfSwic2NoZW1hX3ZlcnNpb24iOiIxIn0=",
          "dependencies": [
            "module.vpc.aws_vpc.this"
          ],
          "create_before_destroy": true
        }
      ]
    },
    {
      "module": "module.eks",
      "mode": "managed",
      "type": "aws_security_group",
      "name": "node",
      "provider": "provider[\"registry.terraform.io/hashicorp/aws\"]",
      "instances": [
        {
          "index_key": 0,
          "schema_version": 1,
          "attributes": {
            "arn": "arn:aws:ec2:ap-south-1:618965466527:security-group/sg-05a00444f48e416a3",
            "description": "EKS node shared security group",
            "egress": [],
            "id": "sg-05a00444f48e416a3",
            "ingress": [],
            "name": "chaos_genius-poc-node-20220224191315315600000009",
            "name_prefix": "chaos_genius-poc-node-",
            "owner_id": "618965466527",
            "revoke_rules_on_delete": false,
            "tags": {
              "Name": "chaos_genius-poc-node",
              "kubernetes.io/cluster/chaos_genius-poc": "owned"
            },
            "tags_all": {
              "Name": "chaos_genius-poc-node",
              "kubernetes.io/cluster/chaos_genius-poc": "owned"
            },
            "timeouts": null,
            "vpc_id": "vpc-0ccf3eef7a22febd5"
          },
          "sensitive_attributes": [],
          "private": "eyJlMmJmYjczMC1lY2FhLTExZTYtOGY4OC0zNDM2M2JjN2M0YzAiOnsiY3JlYXRlIjo2MDAwMDAwMDAwMDAsImRlbGV0ZSI6OTAwMDAwMDAwMDAwfSwic2NoZW1hX3ZlcnNpb24iOiIxIn0=",
          "dependencies": [
            "module.vpc.aws_vpc.this"
          ],
          "create_before_destroy": true
        }
      ]
    },
    {
      "module": "module.eks",
      "mode": "managed",
      "type": "aws_security_group_rule",
      "name": "cluster",
      "provider": "provider[\"registry.terraform.io/hashicorp/aws\"]",
      "instances": [
        {
          "index_key": "egress_nodes_443",
          "schema_version": 2,
          "attributes": {
            "cidr_blocks": null,
            "description": "Cluster API to node groups",
            "from_port": 443,
            "id": "sgrule-2292480975",
            "ipv6_cidr_blocks": null,
            "prefix_list_ids": [],
            "protocol": "tcp",
            "security_group_id": "sg-0a074052f8ccfb53f",
            "self": false,
            "source_security_group_id": "sg-05a00444f48e416a3",
            "to_port": 443,
            "type": "egress"
          },
          "sensitive_attributes": [],
          "private": "eyJzY2hlbWFfdmVyc2lvbiI6IjIifQ==",
          "dependencies": [
            "module.eks.aws_security_group.cluster",
            "module.eks.aws_security_group.node",
            "module.vpc.aws_vpc.this"
          ],
          "create_before_destroy": true
        },
        {
          "index_key": "egress_nodes_kubelet",
          "schema_version": 2,
          "attributes": {
            "cidr_blocks": null,
            "description": "Cluster API to node kubelets",
            "from_port": 10250,
            "id": "sgrule-2683949004",
            "ipv6_cidr_blocks": null,
            "prefix_list_ids": [],
            "protocol": "tcp",
            "security_group_id": "sg-0a074052f8ccfb53f",
            "self": false,
            "source_security_group_id": "sg-05a00444f48e416a3",
            "to_port": 10250,
            "type": "egress"
          },
          "sensitive_attributes": [],
          "private": "eyJzY2hlbWFfdmVyc2lvbiI6IjIifQ==",
          "dependencies": [
            "module.eks.aws_security_group.cluster",
            "module.eks.aws_security_group.node",
            "module.vpc.aws_vpc.this"
          ],
          "create_before_destroy": true
        },
        {
          "index_key": "ingress_nodes_443",
          "schema_version": 2,
          "attributes": {
            "cidr_blocks": null,
            "description": "Node groups to cluster API",
            "from_port": 443,
            "id": "sgrule-2108093864",
            "ipv6_cidr_blocks": null,
            "prefix_list_ids": [],
            "protocol": "tcp",
            "security_group_id": "sg-0a074052f8ccfb53f",
            "self": false,
            "source_security_group_id": "sg-05a00444f48e416a3",
            "to_port": 443,
            "type": "ingress"
          },
          "sensitive_attributes": [],
          "private": "eyJzY2hlbWFfdmVyc2lvbiI6IjIifQ==",
          "dependencies": [
            "module.eks.aws_security_group.cluster",
            "module.eks.aws_security_group.node",
            "module.vpc.aws_vpc.this"
          ],
          "create_before_destroy": true
        }
      ]
    },
    {
      "module": "module.eks",
      "mode": "managed",
      "type": "aws_security_group_rule",
      "name": "node",
      "provider": "provider[\"registry.terraform.io/hashicorp/aws\"]",
      "instances": [
        {
          "index_key": "egress_cluster_443",
          "schema_version": 2,
          "attributes": {
            "cidr_blocks": null,
            "description": "Node groups to cluster API",
            "from_port": 443,
            "id": "sgrule-2053796986",
            "ipv6_cidr_blocks": null,
            "prefix_list_ids": [],
            "protocol": "tcp",
            "security_group_id": "sg-05a00444f48e416a3",
            "self": false,
            "source_security_group_id": "sg-0a074052f8ccfb53f",
            "to_port": 443,
            "type": "egress"
          },
          "sensitive_attributes": [],
          "private": "eyJzY2hlbWFfdmVyc2lvbiI6IjIifQ==",
          "dependencies": [
            "module.eks.aws_security_group.cluster",
            "module.eks.aws_security_group.node",
            "module.vpc.aws_vpc.this"
          ],
          "create_before_destroy": true
        },
        {
          "index_key": "egress_https",
          "schema_version": 2,
          "attributes": {
            "cidr_blocks": [
              "0.0.0.0/0"
            ],
            "description": "Egress all HTTPS to internet",
            "from_port": 443,
            "id": "sgrule-2262444113",
            "ipv6_cidr_blocks": null,
            "prefix_list_ids": [],
            "protocol": "tcp",
            "security_group_id": "sg-05a00444f48e416a3",
            "self": false,
            "source_security_group_id": null,
            "to_port": 443,
            "type": "egress"
          },
          "sensitive_attributes": [],
          "private": "eyJzY2hlbWFfdmVyc2lvbiI6IjIifQ==",
          "dependencies": [
            "module.eks.aws_security_group.cluster",
            "module.eks.aws_security_group.node",
            "module.vpc.aws_vpc.this"
          ],
          "create_before_destroy": true
        },
        {
          "index_key": "egress_ntp_tcp",
          "schema_version": 2,
          "attributes": {
            "cidr_blocks": [
              "0.0.0.0/0"
            ],
            "description": "Egress NTP/TCP to internet",
            "from_port": 123,
            "id": "sgrule-1493439823",
            "ipv6_cidr_blocks": null,
            "prefix_list_ids": [],
            "protocol": "tcp",
            "security_group_id": "sg-05a00444f48e416a3",
            "self": false,
            "source_security_group_id": null,
            "to_port": 123,
            "type": "egress"
          },
          "sensitive_attributes": [],
          "private": "eyJzY2hlbWFfdmVyc2lvbiI6IjIifQ==",
          "dependencies": [
            "module.eks.aws_security_group.cluster",
            "module.eks.aws_security_group.node",
            "module.vpc.aws_vpc.this"
          ],
          "create_before_destroy": true
        },
        {
          "index_key": "egress_ntp_udp",
          "schema_version": 2,
          "attributes": {
            "cidr_blocks": [
              "0.0.0.0/0"
            ],
            "description": "Egress NTP/UDP to internet",
            "from_port": 123,
            "id": "sgrule-664416322",
            "ipv6_cidr_blocks": null,
            "prefix_list_ids": [],
            "protocol": "udp",
            "security_group_id": "sg-05a00444f48e416a3",
            "self": false,
            "source_security_group_id": null,
            "to_port": 123,
            "type": "egress"
          },
          "sensitive_attributes": [],
          "private": "eyJzY2hlbWFfdmVyc2lvbiI6IjIifQ==",
          "dependencies": [
            "module.eks.aws_security_group.cluster",
            "module.eks.aws_security_group.node",
            "module.vpc.aws_vpc.this"
          ],
          "create_before_destroy": true
        },
        {
          "index_key": "egress_self_coredns_tcp",
          "schema_version": 2,
          "attributes": {
            "cidr_blocks": null,
            "description": "Node to node CoreDNS",
            "from_port": 53,
            "id": "sgrule-2251739864",
            "ipv6_cidr_blocks": null,
            "prefix_list_ids": [],
            "protocol": "tcp",
            "security_group_id": "sg-05a00444f48e416a3",
            "self": true,
            "source_security_group_id": null,
            "to_port": 53,
            "type": "egress"
          },
          "sensitive_attributes": [],
          "private": "eyJzY2hlbWFfdmVyc2lvbiI6IjIifQ==",
          "dependencies": [
            "module.eks.aws_security_group.cluster",
            "module.eks.aws_security_group.node",
            "module.vpc.aws_vpc.this"
          ],
          "create_before_destroy": true
        },
        {
          "index_key": "egress_self_coredns_udp",
          "schema_version": 2,
          "attributes": {
            "cidr_blocks": null,
            "description": "Node to node CoreDNS",
            "from_port": 53,
            "id": "sgrule-139546814",
            "ipv6_cidr_blocks": null,
            "prefix_list_ids": [],
            "protocol": "udp",
            "security_group_id": "sg-05a00444f48e416a3",
            "self": true,
            "source_security_group_id": null,
            "to_port": 53,
            "type": "egress"
          },
          "sensitive_attributes": [],
          "private": "eyJzY2hlbWFfdmVyc2lvbiI6IjIifQ==",
          "dependencies": [
            "module.eks.aws_security_group.cluster",
            "module.eks.aws_security_group.node",
            "module.vpc.aws_vpc.this"
          ],
          "create_before_destroy": true
        },
        {
          "index_key": "ingress_cluster_443",
          "schema_version": 2,
          "attributes": {
            "cidr_blocks": null,
            "description": "Cluster API to node groups",
            "from_port": 443,
            "id": "sgrule-470323220",
            "ipv6_cidr_blocks": null,
            "prefix_list_ids": [],
            "protocol": "tcp",
            "security_group_id": "sg-05a00444f48e416a3",
            "self": false,
            "source_security_group_id": "sg-0a074052f8ccfb53f",
            "to_port": 443,
            "type": "ingress"
          },
          "sensitive_attributes": [],
          "private": "eyJzY2hlbWFfdmVyc2lvbiI6IjIifQ==",
          "dependencies": [
            "module.eks.aws_security_group.cluster",
            "module.eks.aws_security_group.node",
            "module.vpc.aws_vpc.this"
          ],
          "create_before_destroy": true
        },
        {
          "index_key": "ingress_cluster_kubelet",
          "schema_version": 2,
          "attributes": {
            "cidr_blocks": null,
            "description": "Cluster API to node kubelets",
            "from_port": 10250,
            "id": "sgrule-1765709303",
            "ipv6_cidr_blocks": null,
            "prefix_list_ids": [],
            "protocol": "tcp",
            "security_group_id": "sg-05a00444f48e416a3",
            "self": false,
            "source_security_group_id": "sg-0a074052f8ccfb53f",
            "to_port": 10250,
            "type": "ingress"
          },
          "sensitive_attributes": [],
          "private": "eyJzY2hlbWFfdmVyc2lvbiI6IjIifQ==",
          "dependencies": [
            "module.eks.aws_security_group.cluster",
            "module.eks.aws_security_group.node",
            "module.vpc.aws_vpc.this"
          ],
          "create_before_destroy": true
        },
        {
          "index_key": "ingress_self_coredns_tcp",
          "schema_version": 2,
          "attributes": {
            "cidr_blocks": null,
            "description": "Node to node CoreDNS",
            "from_port": 53,
            "id": "sgrule-4269531846",
            "ipv6_cidr_blocks": null,
            "prefix_list_ids": [],
            "protocol": "tcp",
            "security_group_id": "sg-05a00444f48e416a3",
            "self": true,
            "source_security_group_id": null,
            "to_port": 53,
            "type": "ingress"
          },
          "sensitive_attributes": [],
          "private": "eyJzY2hlbWFfdmVyc2lvbiI6IjIifQ==",
          "dependencies": [
            "module.eks.aws_security_group.cluster",
            "module.eks.aws_security_group.node",
            "module.vpc.aws_vpc.this"
          ],
          "create_before_destroy": true
        },
        {
          "index_key": "ingress_self_coredns_udp",
          "schema_version": 2,
          "attributes": {
            "cidr_blocks": null,
            "description": "Node to node CoreDNS",
            "from_port": 53,
            "id": "sgrule-1512325417",
            "ipv6_cidr_blocks": null,
            "prefix_list_ids": [],
            "protocol": "udp",
            "security_group_id": "sg-05a00444f48e416a3",
            "self": true,
            "source_security_group_id": null,
            "to_port": 53,
            "type": "ingress"
          },
          "sensitive_attributes": [],
          "private": "eyJzY2hlbWFfdmVyc2lvbiI6IjIifQ==",
          "dependencies": [
            "module.eks.aws_security_group.cluster",
            "module.eks.aws_security_group.node",
            "module.vpc.aws_vpc.this"
          ],
          "create_before_destroy": true
        }
      ]
    },
    {
      "module": "module.eks.module.eks_managed_node_group[\"first\"]",
      "mode": "data",
      "type": "aws_caller_identity",
      "name": "current",
      "provider": "provider[\"registry.terraform.io/hashicorp/aws\"]",
      "instances": [
        {
          "schema_version": 0,
          "attributes": {
            "account_id": "618965466527",
            "arn": "arn:aws:iam::618965466527:user/rajdeep",
            "id": "618965466527",
            "user_id": "AIDAZAHJXPWPSFV2WKST4"
          },
          "sensitive_attributes": []
        }
      ]
    },
    {
      "module": "module.eks.module.eks_managed_node_group[\"first\"]",
      "mode": "data",
      "type": "aws_iam_policy_document",
      "name": "assume_role_policy",
      "provider": "provider[\"registry.terraform.io/hashicorp/aws\"]",
      "instances": [
        {
          "index_key": 0,
          "schema_version": 0,
          "attributes": {
            "id": "2560088296",
            "json": "{\n  \"Version\": \"2012-10-17\",\n  \"Statement\": [\n    {\n      \"Sid\": \"EKSNodeAssumeRole\",\n      \"Effect\": \"Allow\",\n      \"Action\": \"sts:AssumeRole\",\n      \"Principal\": {\n        \"Service\": \"ec2.amazonaws.com\"\n      }\n    }\n  ]\n}",
            "override_json": null,
            "override_policy_documents": null,
            "policy_id": null,
            "source_json": null,
            "source_policy_documents": null,
            "statement": [
              {
                "actions": [
                  "sts:AssumeRole"
                ],
                "condition": [],
                "effect": "Allow",
                "not_actions": [],
                "not_principals": [],
                "not_resources": [],
                "principals": [
                  {
                    "identifiers": [
                      "ec2.amazonaws.com"
                    ],
                    "type": "Service"
                  }
                ],
                "resources": [],
                "sid": "EKSNodeAssumeRole"
              }
            ],
            "version": "2012-10-17"
          },
          "sensitive_attributes": []
        }
      ]
    },
    {
      "module": "module.eks.module.eks_managed_node_group[\"first\"]",
      "mode": "data",
      "type": "aws_partition",
      "name": "current",
      "provider": "provider[\"registry.terraform.io/hashicorp/aws\"]",
      "instances": [
        {
          "schema_version": 0,
          "attributes": {
            "dns_suffix": "amazonaws.com",
            "id": "aws",
            "partition": "aws",
            "reverse_dns_prefix": "com.amazonaws"
          },
          "sensitive_attributes": []
        }
      ]
    },
    {
      "module": "module.eks.module.eks_managed_node_group[\"first\"]",
      "mode": "managed",
      "type": "aws_eks_node_group",
      "name": "this",
      "provider": "provider[\"registry.terraform.io/hashicorp/aws\"]",
      "instances": [
        {
          "index_key": 0,
          "schema_version": 0,
          "attributes": {
            "ami_type": "AL2_x86_64",
            "arn": "arn:aws:eks:ap-south-1:618965466527:nodegroup/chaos_genius-poc/first-2022022419225699950000000d/a2bf9697-dd2c-a321-3aee-473892a8fb4a",
            "capacity_type": "SPOT",
            "cluster_name": "chaos_genius-poc",
            "disk_size": 0,
            "force_update_version": null,
            "id": "chaos_genius-poc:first-2022022419225699950000000d",
            "instance_types": [
              "t3.large"
            ],
            "labels": {
              "GithubOrg": "terraform-aws-modules",
              "GithubRepo": "terraform-aws-eks"
            },
            "launch_template": [
              {
                "id": "lt-077e85c55e0eb1152",
                "name": "first-2022022419225642730000000b",
                "version": "1"
              }
            ],
            "node_group_name": "first-2022022419225699950000000d",
            "node_group_name_prefix": "first-",
            "node_role_arn": "arn:aws:iam::618965466527:role/first-eks-node-group-20220224191303129300000002",
            "release_version": "1.21.5-20220216",
            "remote_access": [],
            "resources": [
              {
                "autoscaling_groups": [
                  {
                    "name": "eks-first-2022022419225699950000000d-a2bf9697-dd2c-a321-3aee-473892a8fb4a"
                  }
                ],
                "remote_access_security_group_id": ""
              }
            ],
            "scaling_config": [
              {
                "desired_size": 1,
                "max_size": 2,
                "min_size": 1
              }
            ],
            "status": "ACTIVE",
            "subnet_ids": [
              "subnet-01c0b07f2d5f2d28c",
              "subnet-034ec6001987ad9d8",
              "subnet-0af4cdee0f351af68"
            ],
            "tags": {
              "Environment": "dev",
              "Name": "first",
              "company": "ChaosGenius",
              "env": "poc",
              "project": "ChaosGenius-k8s-scaling"
            },
            "tags_all": {
              "Environment": "dev",
              "Name": "first",
              "company": "ChaosGenius",
              "env": "poc",
              "project": "ChaosGenius-k8s-scaling"
            },
            "taint": [],
            "timeouts": {
              "create": null,
              "delete": null,
              "update": null
            },
            "update_config": [
              {
                "max_unavailable": 1,
                "max_unavailable_percentage": 0
              }
            ],
            "version": "1.21"
          },
          "sensitive_attributes": [],
          "private": "eyJlMmJmYjczMC1lY2FhLTExZTYtOGY4OC0zNDM2M2JjN2M0YzAiOnsiY3JlYXRlIjozNjAwMDAwMDAwMDAwLCJkZWxldGUiOjM2MDAwMDAwMDAwMDAsInVwZGF0ZSI6MzYwMDAwMDAwMDAwMH19",
          "dependencies": [
            "data.aws_availability_zones.available",
            "module.eks.aws_cloudwatch_log_group.this",
            "module.eks.aws_eks_cluster.this",
            "module.eks.aws_iam_role.this",
            "module.eks.aws_iam_role_policy_attachment.this",
            "module.eks.aws_security_group.cluster",
            "module.eks.aws_security_group.node",
            "module.eks.aws_security_group_rule.cluster",
            "module.eks.aws_security_group_rule.node",
            "module.eks.data.aws_iam_policy_document.assume_role_policy",
            "module.eks.data.aws_partition.current",
            "module.eks.module.eks_managed_node_group.aws_iam_role.this",
            "module.eks.module.eks_managed_node_group.aws_iam_role_policy_attachment.this",
            "module.eks.module.eks_managed_node_group.aws_launch_template.this",
            "module.eks.module.eks_managed_node_group.aws_security_group.this",
            "module.eks.module.eks_managed_node_group.aws_security_group_rule.this",
            "module.eks.module.eks_managed_node_group.data.aws_caller_identity.current",
            "module.eks.module.eks_managed_node_group.data.aws_iam_policy_document.assume_role_policy",
            "module.eks.module.eks_managed_node_group.data.aws_partition.current",
            "module.eks.module.eks_managed_node_group.module.user_data.data.cloudinit_config.linux_eks_managed_node_group",
            "module.vpc.aws_subnet.private",
            "module.vpc.aws_vpc.this",
            "module.vpc.aws_vpc_ipv4_cidr_block_association.this"
          ],
          "create_before_destroy": true
        }
      ]
    },
    {
      "module": "module.eks.module.eks_managed_node_group[\"first\"]",
      "mode": "managed",
      "type": "aws_iam_role",
      "name": "this",
      "provider": "provider[\"registry.terraform.io/hashicorp/aws\"]",
      "instances": [
        {
          "index_key": 0,
          "schema_version": 0,
          "attributes": {
            "arn": "arn:aws:iam::618965466527:role/first-eks-node-group-20220224191303129300000002",
            "assume_role_policy": "{\"Version\":\"2012-10-17\",\"Statement\":[{\"Sid\":\"EKSNodeAssumeRole\",\"Effect\":\"Allow\",\"Principal\":{\"Service\":\"ec2.amazonaws.com\"},\"Action\":\"sts:AssumeRole\"}]}",
            "create_date": "2022-02-24T19:13:04Z",
            "description": "EKS managed node group IAM role",
            "force_detach_policies": true,
            "id": "first-eks-node-group-20220224191303129300000002",
            "inline_policy": [
              {
                "name": "",
                "policy": ""
              }
            ],
            "managed_policy_arns": [],
            "max_session_duration": 3600,
            "name": "first-eks-node-group-20220224191303129300000002",
            "name_prefix": "first-eks-node-group-",
            "path": "/",
            "permissions_boundary": null,
            "tags": {
              "Environment": "dev",
              "Name": "chaos_genius-poc-managed-nodegroup",
              "company": "ChaosGenius",
              "env": "poc",
              "project": "ChaosGenius-k8s-scaling"
            },
            "tags_all": {
              "Environment": "dev",
              "Name": "chaos_genius-poc-managed-nodegroup",
              "company": "ChaosGenius",
              "env": "poc",
              "project": "ChaosGenius-k8s-scaling"
            },
            "unique_id": "AROAZAHJXPWPXU62MOGZY"
          },
          "sensitive_attributes": [],
          "private": "bnVsbA==",
          "dependencies": [
            "module.eks.module.eks_managed_node_group.data.aws_iam_policy_document.assume_role_policy"
          ],
          "create_before_destroy": true
        }
      ]
    },
    {
      "module": "module.eks.module.eks_managed_node_group[\"first\"]",
      "mode": "managed",
      "type": "aws_iam_role_policy_attachment",
      "name": "this",
      "provider": "provider[\"registry.terraform.io/hashicorp/aws\"]",
      "instances": [
        {
          "index_key": "arn:aws:iam::aws:policy/AmazonEC2ContainerRegistryReadOnly",
          "schema_version": 0,
          "attributes": {
            "id": "first-eks-node-group-20220224191303129300000002-20220224191306809900000005",
            "policy_arn": "arn:aws:iam::aws:policy/AmazonEC2ContainerRegistryReadOnly",
            "role": "first-eks-node-group-20220224191303129300000002"
          },
          "sensitive_attributes": [],
          "private": "bnVsbA==",
          "dependencies": [
            "module.eks.module.eks_managed_node_group.aws_iam_role.this",
            "module.eks.module.eks_managed_node_group.data.aws_caller_identity.current",
            "module.eks.module.eks_managed_node_group.data.aws_iam_policy_document.assume_role_policy",
            "module.eks.module.eks_managed_node_group.data.aws_partition.current"
          ],
          "create_before_destroy": true
        },
        {
          "index_key": "arn:aws:iam::aws:policy/AmazonEKSWorkerNodePolicy",
          "schema_version": 0,
          "attributes": {
            "id": "first-eks-node-group-20220224191303129300000002-20220224191307184500000007",
            "policy_arn": "arn:aws:iam::aws:policy/AmazonEKSWorkerNodePolicy",
            "role": "first-eks-node-group-20220224191303129300000002"
          },
          "sensitive_attributes": [],
          "private": "bnVsbA==",
          "dependencies": [
            "module.eks.module.eks_managed_node_group.aws_iam_role.this",
            "module.eks.module.eks_managed_node_group.data.aws_caller_identity.current",
            "module.eks.module.eks_managed_node_group.data.aws_iam_policy_document.assume_role_policy",
            "module.eks.module.eks_managed_node_group.data.aws_partition.current"
          ],
          "create_before_destroy": true
        },
        {
          "index_key": "arn:aws:iam::aws:policy/AmazonEKS_CNI_Policy",
          "schema_version": 0,
          "attributes": {
            "id": "first-eks-node-group-20220224191303129300000002-20220224191306885600000006",
            "policy_arn": "arn:aws:iam::aws:policy/AmazonEKS_CNI_Policy",
            "role": "first-eks-node-group-20220224191303129300000002"
          },
          "sensitive_attributes": [],
          "private": "bnVsbA==",
          "dependencies": [
            "module.eks.module.eks_managed_node_group.aws_iam_role.this",
            "module.eks.module.eks_managed_node_group.data.aws_caller_identity.current",
            "module.eks.module.eks_managed_node_group.data.aws_iam_policy_document.assume_role_policy",
            "module.eks.module.eks_managed_node_group.data.aws_partition.current"
          ],
          "create_before_destroy": true
        }
      ]
    },
    {
      "module": "module.eks.module.eks_managed_node_group[\"first\"]",
      "mode": "managed",
      "type": "aws_launch_template",
      "name": "this",
      "provider": "provider[\"registry.terraform.io/hashicorp/aws\"]",
      "instances": [
        {
          "index_key": 0,
          "schema_version": 0,
          "attributes": {
            "arn": "arn:aws:ec2:ap-south-1:618965466527:launch-template/lt-077e85c55e0eb1152",
            "block_device_mappings": [],
            "capacity_reservation_specification": [],
            "cpu_options": [],
            "credit_specification": [],
            "default_version": 1,
            "description": "Custom launch template for first EKS managed node group",
            "disable_api_termination": false,
            "ebs_optimized": "",
            "elastic_gpu_specifications": [],
            "elastic_inference_accelerator": [],
            "enclave_options": [],
            "hibernation_options": [],
            "iam_instance_profile": [],
            "id": "lt-077e85c55e0eb1152",
            "image_id": "",
            "instance_initiated_shutdown_behavior": "",
            "instance_market_options": [],
            "instance_type": "",
            "kernel_id": "",
            "key_name": "",
            "latest_version": 1,
            "license_specification": [],
            "metadata_options": [
              {
                "http_endpoint": "enabled",
                "http_protocol_ipv6": "disabled",
                "http_put_response_hop_limit": 2,
                "http_tokens": "required",
                "instance_metadata_tags": "disabled"
              }
            ],
            "monitoring": [
              {
                "enabled": true
              }
            ],
            "name": "first-2022022419225642730000000b",
            "name_prefix": "first-",
            "network_interfaces": [],
            "placement": [],
            "ram_disk_id": "",
            "security_group_names": null,
            "tag_specifications": [
              {
                "resource_type": "instance",
                "tags": {
                  "Environment": "dev",
                  "Name": "first",
                  "company": "ChaosGenius",
                  "env": "poc",
                  "project": "ChaosGenius-k8s-scaling"
                }
              },
              {
                "resource_type": "network-interface",
                "tags": {
                  "Environment": "dev",
                  "Name": "first",
                  "company": "ChaosGenius",
                  "env": "poc",
                  "project": "ChaosGenius-k8s-scaling"
                }
              },
              {
                "resource_type": "volume",
                "tags": {
                  "Environment": "dev",
                  "Name": "first",
                  "company": "ChaosGenius",
                  "env": "poc",
                  "project": "ChaosGenius-k8s-scaling"
                }
              }
            ],
            "tags": {
              "Environment": "dev",
              "Name": "chaos_genius-poc-managed-nodegroup",
              "company": "ChaosGenius",
              "env": "poc",
              "project": "ChaosGenius-k8s-scaling"
            },
            "tags_all": {
              "Environment": "dev",
              "Name": "chaos_genius-poc-managed-nodegroup",
              "company": "ChaosGenius",
              "env": "poc",
              "project": "ChaosGenius-k8s-scaling"
            },
            "update_default_version": true,
            "user_data": "",
            "vpc_security_group_ids": [
              "sg-0139967169a896536",
              "sg-05a00444f48e416a3"
            ]
          },
          "sensitive_attributes": [],
          "private": "bnVsbA==",
          "dependencies": [
            "data.aws_availability_zones.available",
            "module.eks.aws_cloudwatch_log_group.this",
            "module.eks.aws_eks_cluster.this",
            "module.eks.aws_iam_role.this",
            "module.eks.aws_iam_role_policy_attachment.this",
            "module.eks.aws_security_group.cluster",
            "module.eks.aws_security_group.node",
            "module.eks.aws_security_group_rule.cluster",
            "module.eks.aws_security_group_rule.node",
            "module.eks.data.aws_iam_policy_document.assume_role_policy",
            "module.eks.data.aws_partition.current",
            "module.eks.module.eks_managed_node_group.aws_iam_role.this",
            "module.eks.module.eks_managed_node_group.aws_iam_role_policy_attachment.this",
            "module.eks.module.eks_managed_node_group.aws_security_group.this",
            "module.eks.module.eks_managed_node_group.aws_security_group_rule.this",
            "module.eks.module.eks_managed_node_group.data.aws_caller_identity.current",
            "module.eks.module.eks_managed_node_group.data.aws_iam_policy_document.assume_role_policy",
            "module.eks.module.eks_managed_node_group.data.aws_partition.current",
            "module.eks.module.eks_managed_node_group.module.user_data.data.cloudinit_config.linux_eks_managed_node_group",
            "module.vpc.aws_subnet.private",
            "module.vpc.aws_vpc.this",
            "module.vpc.aws_vpc_ipv4_cidr_block_association.this"
          ],
          "create_before_destroy": true
        }
      ]
    },
    {
      "module": "module.eks.module.eks_managed_node_group[\"first\"]",
      "mode": "managed",
      "type": "aws_security_group",
      "name": "this",
      "provider": "provider[\"registry.terraform.io/hashicorp/aws\"]",
      "instances": [
        {
          "index_key": 0,
          "schema_version": 1,
          "attributes": {
            "arn": "arn:aws:ec2:ap-south-1:618965466527:security-group/sg-0139967169a896536",
            "description": "EKS managed node group security group",
            "egress": [],
            "id": "sg-0139967169a896536",
            "ingress": [],
            "name": "first-eks-node-group-20220224191314817500000008",
            "name_prefix": "first-eks-node-group-",
            "owner_id": "618965466527",
            "revoke_rules_on_delete": false,
            "tags": {
              "Environment": "dev",
              "Name": "first-eks-node-group",
              "company": "ChaosGenius",
              "env": "poc",
              "project": "ChaosGenius-k8s-scaling"
            },
            "tags_all": {
              "Environment": "dev",
              "Name": "first-eks-node-group",
              "company": "ChaosGenius",
              "env": "poc",
              "project": "ChaosGenius-k8s-scaling"
            },
            "timeouts": null,
            "vpc_id": "vpc-0ccf3eef7a22febd5"
          },
          "sensitive_attributes": [],
          "private": "eyJlMmJmYjczMC1lY2FhLTExZTYtOGY4OC0zNDM2M2JjN2M0YzAiOnsiY3JlYXRlIjo2MDAwMDAwMDAwMDAsImRlbGV0ZSI6OTAwMDAwMDAwMDAwfSwic2NoZW1hX3ZlcnNpb24iOiIxIn0=",
          "dependencies": [
            "module.vpc.aws_vpc.this"
          ],
          "create_before_destroy": true
        }
      ]
    },
    {
      "module": "module.vpc",
      "mode": "managed",
      "type": "aws_eip",
      "name": "nat",
      "provider": "provider[\"registry.terraform.io/hashicorp/aws\"]",
      "instances": [
        {
          "index_key": 0,
          "schema_version": 0,
          "attributes": {
            "address": null,
            "allocation_id": "eipalloc-0170b8c4dbd6d3c8a",
            "associate_with_private_ip": null,
            "association_id": "",
            "carrier_ip": "",
            "customer_owned_ip": "",
            "customer_owned_ipv4_pool": "",
            "domain": "vpc",
            "id": "eipalloc-0170b8c4dbd6d3c8a",
            "instance": "",
            "network_border_group": "ap-south-1",
            "network_interface": "",
            "private_dns": null,
            "private_ip": "",
            "public_dns": "ec2-3-7-184-146.ap-south-1.compute.amazonaws.com",
            "public_ip": "3.7.184.146",
            "public_ipv4_pool": "amazon",
            "tags": {
              "Name": "chaos_genius-poc-vpc",
              "company": "ChaosGenius",
              "env": "poc",
              "project": "ChaosGenius-k8s-scaling"
            },
            "tags_all": {
              "Name": "chaos_genius-poc-vpc",
              "company": "ChaosGenius",
              "env": "poc",
              "project": "ChaosGenius-k8s-scaling"
            },
            "timeouts": null,
            "vpc": true
          },
          "sensitive_attributes": [],
          "private": "eyJlMmJmYjczMC1lY2FhLTExZTYtOGY4OC0zNDM2M2JjN2M0YzAiOnsiZGVsZXRlIjoxODAwMDAwMDAwMDAsInJlYWQiOjkwMDAwMDAwMDAwMCwidXBkYXRlIjozMDAwMDAwMDAwMDB9fQ==",
          "dependencies": [
            "data.aws_availability_zones.available"
          ]
        }
      ]
    },
    {
      "module": "module.vpc",
      "mode": "managed",
      "type": "aws_internet_gateway",
      "name": "this",
      "provider": "provider[\"registry.terraform.io/hashicorp/aws\"]",
      "instances": [
        {
          "index_key": 0,
          "schema_version": 0,
          "attributes": {
            "arn": "arn:aws:ec2:ap-south-1:618965466527:internet-gateway/igw-0c9e273f8e3b2efba",
            "id": "igw-0c9e273f8e3b2efba",
            "owner_id": "618965466527",
            "tags": {
              "Name": "chaos_genius-poc-vpc",
              "company": "ChaosGenius",
              "env": "poc",
              "project": "ChaosGenius-k8s-scaling"
            },
            "tags_all": {
              "Name": "chaos_genius-poc-vpc",
              "company": "ChaosGenius",
              "env": "poc",
              "project": "ChaosGenius-k8s-scaling"
            },
            "vpc_id": "vpc-0ccf3eef7a22febd5"
          },
          "sensitive_attributes": [],
          "private": "bnVsbA==",
          "dependencies": [
            "module.vpc.aws_vpc.this",
            "module.vpc.aws_vpc_ipv4_cidr_block_association.this"
          ]
        }
      ]
    },
    {
      "module": "module.vpc",
      "mode": "managed",
      "type": "aws_nat_gateway",
      "name": "this",
      "provider": "provider[\"registry.terraform.io/hashicorp/aws\"]",
      "instances": [
        {
          "index_key": 0,
          "schema_version": 0,
          "attributes": {
            "allocation_id": "eipalloc-0170b8c4dbd6d3c8a",
            "connectivity_type": "public",
            "id": "nat-05d3df6acc8903208",
            "network_interface_id": "eni-02ffe4593a0821b33",
            "private_ip": "10.0.101.75",
            "public_ip": "3.7.184.146",
            "subnet_id": "subnet-0dffb60e9b659ee6c",
            "tags": {
              "Name": "chaos_genius-poc-vpc",
              "company": "ChaosGenius",
              "env": "poc",
              "project": "ChaosGenius-k8s-scaling"
            },
            "tags_all": {
              "Name": "chaos_genius-poc-vpc",
              "company": "ChaosGenius",
              "env": "poc",
              "project": "ChaosGenius-k8s-scaling"
            }
          },
          "sensitive_attributes": [],
          "private": "bnVsbA==",
          "dependencies": [
            "data.aws_availability_zones.available",
            "module.vpc.aws_eip.nat",
            "module.vpc.aws_internet_gateway.this",
            "module.vpc.aws_subnet.public",
            "module.vpc.aws_vpc.this",
            "module.vpc.aws_vpc_ipv4_cidr_block_association.this"
          ]
        }
      ]
    },
    {
      "module": "module.vpc",
      "mode": "managed",
      "type": "aws_route",
      "name": "private_nat_gateway",
      "provider": "provider[\"registry.terraform.io/hashicorp/aws\"]",
      "instances": [
        {
          "index_key": 0,
          "schema_version": 0,
          "attributes": {
            "carrier_gateway_id": "",
            "destination_cidr_block": "0.0.0.0/0",
            "destination_ipv6_cidr_block": "",
            "destination_prefix_list_id": "",
            "egress_only_gateway_id": "",
            "gateway_id": "",
            "id": "r-rtb-0443d1bcf8b4f2dd41080289494",
            "instance_id": "",
            "instance_owner_id": "",
            "local_gateway_id": "",
            "nat_gateway_id": "nat-05d3df6acc8903208",
            "network_interface_id": "",
            "origin": "CreateRoute",
            "route_table_id": "rtb-0443d1bcf8b4f2dd4",
            "state": "active",
            "timeouts": {
              "create": "5m",
              "delete": null,
              "update": null
            },
            "transit_gateway_id": "",
            "vpc_endpoint_id": "",
            "vpc_peering_connection_id": ""
          },
          "sensitive_attributes": [],
          "private": "eyJlMmJmYjczMC1lY2FhLTExZTYtOGY4OC0zNDM2M2JjN2M0YzAiOnsiY3JlYXRlIjozMDAwMDAwMDAwMDAsImRlbGV0ZSI6MzAwMDAwMDAwMDAwLCJ1cGRhdGUiOjEyMDAwMDAwMDAwMH19",
          "dependencies": [
            "data.aws_availability_zones.available",
            "module.vpc.aws_eip.nat",
            "module.vpc.aws_internet_gateway.this",
            "module.vpc.aws_nat_gateway.this",
            "module.vpc.aws_route_table.private",
            "module.vpc.aws_subnet.public",
            "module.vpc.aws_vpc.this",
            "module.vpc.aws_vpc_ipv4_cidr_block_association.this"
          ]
        }
      ]
    },
    {
      "module": "module.vpc",
      "mode": "managed",
      "type": "aws_route",
      "name": "public_internet_gateway",
      "provider": "provider[\"registry.terraform.io/hashicorp/aws\"]",
      "instances": [
        {
          "index_key": 0,
          "schema_version": 0,
          "attributes": {
            "carrier_gateway_id": "",
            "destination_cidr_block": "0.0.0.0/0",
            "destination_ipv6_cidr_block": "",
            "destination_prefix_list_id": "",
            "egress_only_gateway_id": "",
            "gateway_id": "igw-0c9e273f8e3b2efba",
            "id": "r-rtb-01d095c6c66d9a1a91080289494",
            "instance_id": "",
            "instance_owner_id": "",
            "local_gateway_id": "",
            "nat_gateway_id": "",
            "network_interface_id": "",
            "origin": "CreateRoute",
            "route_table_id": "rtb-01d095c6c66d9a1a9",
            "state": "active",
            "timeouts": {
              "create": "5m",
              "delete": null,
              "update": null
            },
            "transit_gateway_id": "",
            "vpc_endpoint_id": "",
            "vpc_peering_connection_id": ""
          },
          "sensitive_attributes": [],
          "private": "eyJlMmJmYjczMC1lY2FhLTExZTYtOGY4OC0zNDM2M2JjN2M0YzAiOnsiY3JlYXRlIjozMDAwMDAwMDAwMDAsImRlbGV0ZSI6MzAwMDAwMDAwMDAwLCJ1cGRhdGUiOjEyMDAwMDAwMDAwMH19",
          "dependencies": [
            "module.vpc.aws_internet_gateway.this",
            "module.vpc.aws_route_table.public",
            "module.vpc.aws_vpc.this",
            "module.vpc.aws_vpc_ipv4_cidr_block_association.this"
          ]
        }
      ]
    },
    {
      "module": "module.vpc",
      "mode": "managed",
      "type": "aws_route_table",
      "name": "private",
      "provider": "provider[\"registry.terraform.io/hashicorp/aws\"]",
      "instances": [
        {
          "index_key": 0,
          "schema_version": 0,
          "attributes": {
            "arn": "arn:aws:ec2:ap-south-1:618965466527:route-table/rtb-0443d1bcf8b4f2dd4",
            "id": "rtb-0443d1bcf8b4f2dd4",
            "owner_id": "618965466527",
            "propagating_vgws": [],
            "route": [],
            "tags": {
              "Name": "chaos_genius-poc-vpc",
              "company": "ChaosGenius",
              "env": "poc",
              "project": "ChaosGenius-k8s-scaling"
            },
            "tags_all": {
              "Name": "chaos_genius-poc-vpc",
              "company": "ChaosGenius",
              "env": "poc",
              "project": "ChaosGenius-k8s-scaling"
            },
            "timeouts": null,
            "vpc_id": "vpc-0ccf3eef7a22febd5"
          },
          "sensitive_attributes": [],
          "private": "eyJlMmJmYjczMC1lY2FhLTExZTYtOGY4OC0zNDM2M2JjN2M0YzAiOnsiY3JlYXRlIjozMDAwMDAwMDAwMDAsImRlbGV0ZSI6MzAwMDAwMDAwMDAwLCJ1cGRhdGUiOjEyMDAwMDAwMDAwMH19",
          "dependencies": [
            "data.aws_availability_zones.available",
            "module.vpc.aws_vpc.this",
            "module.vpc.aws_vpc_ipv4_cidr_block_association.this"
          ]
        }
      ]
    },
    {
      "module": "module.vpc",
      "mode": "managed",
      "type": "aws_route_table",
      "name": "public",
      "provider": "provider[\"registry.terraform.io/hashicorp/aws\"]",
      "instances": [
        {
          "index_key": 0,
          "schema_version": 0,
          "attributes": {
            "arn": "arn:aws:ec2:ap-south-1:618965466527:route-table/rtb-01d095c6c66d9a1a9",
            "id": "rtb-01d095c6c66d9a1a9",
            "owner_id": "618965466527",
            "propagating_vgws": [],
            "route": [],
            "tags": {
              "Name": "chaos_genius-poc-vpc",
              "company": "ChaosGenius",
              "env": "poc",
              "project": "ChaosGenius-k8s-scaling"
            },
            "tags_all": {
              "Name": "chaos_genius-poc-vpc",
              "company": "ChaosGenius",
              "env": "poc",
              "project": "ChaosGenius-k8s-scaling"
            },
            "timeouts": null,
            "vpc_id": "vpc-0ccf3eef7a22febd5"
          },
          "sensitive_attributes": [],
          "private": "eyJlMmJmYjczMC1lY2FhLTExZTYtOGY4OC0zNDM2M2JjN2M0YzAiOnsiY3JlYXRlIjozMDAwMDAwMDAwMDAsImRlbGV0ZSI6MzAwMDAwMDAwMDAwLCJ1cGRhdGUiOjEyMDAwMDAwMDAwMH19",
          "dependencies": [
            "module.vpc.aws_vpc.this",
            "module.vpc.aws_vpc_ipv4_cidr_block_association.this"
          ]
        }
      ]
    },
    {
      "module": "module.vpc",
      "mode": "managed",
      "type": "aws_route_table_association",
      "name": "private",
      "provider": "provider[\"registry.terraform.io/hashicorp/aws\"]",
      "instances": [
        {
          "index_key": 0,
          "schema_version": 0,
          "attributes": {
            "gateway_id": "",
            "id": "rtbassoc-06bb6bdf3106e01f1",
            "route_table_id": "rtb-0443d1bcf8b4f2dd4",
            "subnet_id": "subnet-01c0b07f2d5f2d28c"
          },
          "sensitive_attributes": [],
          "private": "bnVsbA==",
          "dependencies": [
            "data.aws_availability_zones.available",
            "module.vpc.aws_route_table.private",
            "module.vpc.aws_subnet.private",
            "module.vpc.aws_vpc.this",
            "module.vpc.aws_vpc_ipv4_cidr_block_association.this"
          ]
        },
        {
          "index_key": 1,
          "schema_version": 0,
          "attributes": {
            "gateway_id": "",
            "id": "rtbassoc-0b415d170114069d7",
            "route_table_id": "rtb-0443d1bcf8b4f2dd4",
            "subnet_id": "subnet-0af4cdee0f351af68"
          },
          "sensitive_attributes": [],
          "private": "bnVsbA==",
          "dependencies": [
            "data.aws_availability_zones.available",
            "module.vpc.aws_route_table.private",
            "module.vpc.aws_subnet.private",
            "module.vpc.aws_vpc.this",
            "module.vpc.aws_vpc_ipv4_cidr_block_association.this"
          ]
        },
        {
          "index_key": 2,
          "schema_version": 0,
          "attributes": {
            "gateway_id": "",
            "id": "rtbassoc-0b3228af1466375eb",
            "route_table_id": "rtb-0443d1bcf8b4f2dd4",
            "subnet_id": "subnet-034ec6001987ad9d8"
          },
          "sensitive_attributes": [],
          "private": "bnVsbA==",
          "dependencies": [
            "data.aws_availability_zones.available",
            "module.vpc.aws_route_table.private",
            "module.vpc.aws_subnet.private",
            "module.vpc.aws_vpc.this",
            "module.vpc.aws_vpc_ipv4_cidr_block_association.this"
          ]
        }
      ]
    },
    {
      "module": "module.vpc",
      "mode": "managed",
      "type": "aws_route_table_association",
      "name": "public",
      "provider": "provider[\"registry.terraform.io/hashicorp/aws\"]",
      "instances": [
        {
          "index_key": 0,
          "schema_version": 0,
          "attributes": {
            "gateway_id": "",
            "id": "rtbassoc-091e0881eab88f547",
            "route_table_id": "rtb-01d095c6c66d9a1a9",
            "subnet_id": "subnet-0dffb60e9b659ee6c"
          },
          "sensitive_attributes": [],
          "private": "bnVsbA==",
          "dependencies": [
            "data.aws_availability_zones.available",
            "module.vpc.aws_route_table.public",
            "module.vpc.aws_subnet.public",
            "module.vpc.aws_vpc.this",
            "module.vpc.aws_vpc_ipv4_cidr_block_association.this"
          ]
        },
        {
          "index_key": 1,
          "schema_version": 0,
          "attributes": {
            "gateway_id": "",
            "id": "rtbassoc-0d54a139769d9ae91",
            "route_table_id": "rtb-01d095c6c66d9a1a9",
            "subnet_id": "subnet-008dd91ed4cd4f2f9"
          },
          "sensitive_attributes": [],
          "private": "bnVsbA==",
          "dependencies": [
            "data.aws_availability_zones.available",
            "module.vpc.aws_route_table.public",
            "module.vpc.aws_subnet.public",
            "module.vpc.aws_vpc.this",
            "module.vpc.aws_vpc_ipv4_cidr_block_association.this"
          ]
        },
        {
          "index_key": 2,
          "schema_version": 0,
          "attributes": {
            "gateway_id": "",
            "id": "rtbassoc-0e1c3c07ccf90c18d",
            "route_table_id": "rtb-01d095c6c66d9a1a9",
            "subnet_id": "subnet-079cc53b7b97a29cd"
          },
          "sensitive_attributes": [],
          "private": "bnVsbA==",
          "dependencies": [
            "data.aws_availability_zones.available",
            "module.vpc.aws_route_table.public",
            "module.vpc.aws_subnet.public",
            "module.vpc.aws_vpc.this",
            "module.vpc.aws_vpc_ipv4_cidr_block_association.this"
          ]
        }
      ]
    },
    {
      "module": "module.vpc",
      "mode": "managed",
      "type": "aws_subnet",
      "name": "private",
      "provider": "provider[\"registry.terraform.io/hashicorp/aws\"]",
      "instances": [
        {
          "index_key": 0,
          "schema_version": 1,
          "attributes": {
            "arn": "arn:aws:ec2:ap-south-1:618965466527:subnet/subnet-01c0b07f2d5f2d28c",
            "assign_ipv6_address_on_creation": false,
            "availability_zone": "ap-south-1a",
            "availability_zone_id": "aps1-az1",
            "cidr_block": "10.0.1.0/24",
            "customer_owned_ipv4_pool": "",
            "enable_dns64": false,
            "enable_resource_name_dns_a_record_on_launch": false,
            "enable_resource_name_dns_aaaa_record_on_launch": false,
            "id": "subnet-01c0b07f2d5f2d28c",
            "ipv6_cidr_block": "",
            "ipv6_cidr_block_association_id": "",
            "ipv6_native": false,
            "map_customer_owned_ip_on_launch": false,
            "map_public_ip_on_launch": false,
            "outpost_arn": "",
            "owner_id": "618965466527",
            "private_dns_hostname_type_on_launch": "ip-name",
            "tags": {
              "Name": "chaos_genius-poc-vpc",
              "company": "ChaosGenius",
              "env": "poc",
              "project": "ChaosGenius-k8s-scaling"
            },
            "tags_all": {
              "Name": "chaos_genius-poc-vpc",
              "company": "ChaosGenius",
              "env": "poc",
              "project": "ChaosGenius-k8s-scaling"
            },
            "timeouts": null,
            "vpc_id": "vpc-0ccf3eef7a22febd5"
          },
          "sensitive_attributes": [],
          "private": "eyJlMmJmYjczMC1lY2FhLTExZTYtOGY4OC0zNDM2M2JjN2M0YzAiOnsiY3JlYXRlIjo2MDAwMDAwMDAwMDAsImRlbGV0ZSI6MTIwMDAwMDAwMDAwMH0sInNjaGVtYV92ZXJzaW9uIjoiMSJ9",
          "dependencies": [
            "data.aws_availability_zones.available",
            "module.vpc.aws_vpc.this",
            "module.vpc.aws_vpc_ipv4_cidr_block_association.this"
          ],
          "create_before_destroy": true
        },
        {
          "index_key": 1,
          "schema_version": 1,
          "attributes": {
            "arn": "arn:aws:ec2:ap-south-1:618965466527:subnet/subnet-0af4cdee0f351af68",
            "assign_ipv6_address_on_creation": false,
            "availability_zone": "ap-south-1b",
            "availability_zone_id": "aps1-az3",
            "cidr_block": "10.0.2.0/24",
            "customer_owned_ipv4_pool": "",
            "enable_dns64": false,
            "enable_resource_name_dns_a_record_on_launch": false,
            "enable_resource_name_dns_aaaa_record_on_launch": false,
            "id": "subnet-0af4cdee0f351af68",
            "ipv6_cidr_block": "",
            "ipv6_cidr_block_association_id": "",
            "ipv6_native": false,
            "map_customer_owned_ip_on_launch": false,
            "map_public_ip_on_launch": false,
            "outpost_arn": "",
            "owner_id": "618965466527",
            "private_dns_hostname_type_on_launch": "ip-name",
            "tags": {
              "Name": "chaos_genius-poc-vpc",
              "company": "ChaosGenius",
              "env": "poc",
              "project": "ChaosGenius-k8s-scaling"
            },
            "tags_all": {
              "Name": "chaos_genius-poc-vpc",
              "company": "ChaosGenius",
              "env": "poc",
              "project": "ChaosGenius-k8s-scaling"
            },
            "timeouts": null,
            "vpc_id": "vpc-0ccf3eef7a22febd5"
          },
          "sensitive_attributes": [],
          "private": "eyJlMmJmYjczMC1lY2FhLTExZTYtOGY4OC0zNDM2M2JjN2M0YzAiOnsiY3JlYXRlIjo2MDAwMDAwMDAwMDAsImRlbGV0ZSI6MTIwMDAwMDAwMDAwMH0sInNjaGVtYV92ZXJzaW9uIjoiMSJ9",
          "dependencies": [
            "data.aws_availability_zones.available",
            "module.vpc.aws_vpc.this",
            "module.vpc.aws_vpc_ipv4_cidr_block_association.this"
          ],
          "create_before_destroy": true
        },
        {
          "index_key": 2,
          "schema_version": 1,
          "attributes": {
            "arn": "arn:aws:ec2:ap-south-1:618965466527:subnet/subnet-034ec6001987ad9d8",
            "assign_ipv6_address_on_creation": false,
            "availability_zone": "ap-south-1c",
            "availability_zone_id": "aps1-az2",
            "cidr_block": "10.0.3.0/24",
            "customer_owned_ipv4_pool": "",
            "enable_dns64": false,
            "enable_resource_name_dns_a_record_on_launch": false,
            "enable_resource_name_dns_aaaa_record_on_launch": false,
            "id": "subnet-034ec6001987ad9d8",
            "ipv6_cidr_block": "",
            "ipv6_cidr_block_association_id": "",
            "ipv6_native": false,
            "map_customer_owned_ip_on_launch": false,
            "map_public_ip_on_launch": false,
            "outpost_arn": "",
            "owner_id": "618965466527",
            "private_dns_hostname_type_on_launch": "ip-name",
            "tags": {
              "Name": "chaos_genius-poc-vpc",
              "company": "ChaosGenius",
              "env": "poc",
              "project": "ChaosGenius-k8s-scaling"
            },
            "tags_all": {
              "Name": "chaos_genius-poc-vpc",
              "company": "ChaosGenius",
              "env": "poc",
              "project": "ChaosGenius-k8s-scaling"
            },
            "timeouts": null,
            "vpc_id": "vpc-0ccf3eef7a22febd5"
          },
          "sensitive_attributes": [],
          "private": "eyJlMmJmYjczMC1lY2FhLTExZTYtOGY4OC0zNDM2M2JjN2M0YzAiOnsiY3JlYXRlIjo2MDAwMDAwMDAwMDAsImRlbGV0ZSI6MTIwMDAwMDAwMDAwMH0sInNjaGVtYV92ZXJzaW9uIjoiMSJ9",
          "dependencies": [
            "data.aws_availability_zones.available",
            "module.vpc.aws_vpc.this",
            "module.vpc.aws_vpc_ipv4_cidr_block_association.this"
          ],
          "create_before_destroy": true
        }
      ]
    },
    {
      "module": "module.vpc",
      "mode": "managed",
      "type": "aws_subnet",
      "name": "public",
      "provider": "provider[\"registry.terraform.io/hashicorp/aws\"]",
      "instances": [
        {
          "index_key": 0,
          "schema_version": 1,
          "attributes": {
            "arn": "arn:aws:ec2:ap-south-1:618965466527:subnet/subnet-0dffb60e9b659ee6c",
            "assign_ipv6_address_on_creation": false,
            "availability_zone": "ap-south-1a",
            "availability_zone_id": "aps1-az1",
            "cidr_block": "10.0.101.0/24",
            "customer_owned_ipv4_pool": "",
            "enable_dns64": false,
            "enable_resource_name_dns_a_record_on_launch": false,
            "enable_resource_name_dns_aaaa_record_on_launch": false,
            "id": "subnet-0dffb60e9b659ee6c",
            "ipv6_cidr_block": "",
            "ipv6_cidr_block_association_id": "",
            "ipv6_native": false,
            "map_customer_owned_ip_on_launch": false,
            "map_public_ip_on_launch": true,
            "outpost_arn": "",
            "owner_id": "618965466527",
            "private_dns_hostname_type_on_launch": "ip-name",
            "tags": {
              "Name": "chaos_genius-poc-vpc",
              "company": "ChaosGenius",
              "env": "poc",
              "project": "ChaosGenius-k8s-scaling"
            },
            "tags_all": {
              "Name": "chaos_genius-poc-vpc",
              "company": "ChaosGenius",
              "env": "poc",
              "project": "ChaosGenius-k8s-scaling"
            },
            "timeouts": null,
            "vpc_id": "vpc-0ccf3eef7a22febd5"
          },
          "sensitive_attributes": [],
          "private": "eyJlMmJmYjczMC1lY2FhLTExZTYtOGY4OC0zNDM2M2JjN2M0YzAiOnsiY3JlYXRlIjo2MDAwMDAwMDAwMDAsImRlbGV0ZSI6MTIwMDAwMDAwMDAwMH0sInNjaGVtYV92ZXJzaW9uIjoiMSJ9",
          "dependencies": [
            "data.aws_availability_zones.available",
            "module.vpc.aws_vpc.this",
            "module.vpc.aws_vpc_ipv4_cidr_block_association.this"
          ]
        },
        {
          "index_key": 1,
          "schema_version": 1,
          "attributes": {
            "arn": "arn:aws:ec2:ap-south-1:618965466527:subnet/subnet-008dd91ed4cd4f2f9",
            "assign_ipv6_address_on_creation": false,
            "availability_zone": "ap-south-1b",
            "availability_zone_id": "aps1-az3",
            "cidr_block": "10.0.102.0/24",
            "customer_owned_ipv4_pool": "",
            "enable_dns64": false,
            "enable_resource_name_dns_a_record_on_launch": false,
            "enable_resource_name_dns_aaaa_record_on_launch": false,
            "id": "subnet-008dd91ed4cd4f2f9",
            "ipv6_cidr_block": "",
            "ipv6_cidr_block_association_id": "",
            "ipv6_native": false,
            "map_customer_owned_ip_on_launch": false,
            "map_public_ip_on_launch": true,
            "outpost_arn": "",
            "owner_id": "618965466527",
            "private_dns_hostname_type_on_launch": "ip-name",
            "tags": {
              "Name": "chaos_genius-poc-vpc",
              "company": "ChaosGenius",
              "env": "poc",
              "project": "ChaosGenius-k8s-scaling"
            },
            "tags_all": {
              "Name": "chaos_genius-poc-vpc",
              "company": "ChaosGenius",
              "env": "poc",
              "project": "ChaosGenius-k8s-scaling"
            },
            "timeouts": null,
            "vpc_id": "vpc-0ccf3eef7a22febd5"
          },
          "sensitive_attributes": [],
          "private": "eyJlMmJmYjczMC1lY2FhLTExZTYtOGY4OC0zNDM2M2JjN2M0YzAiOnsiY3JlYXRlIjo2MDAwMDAwMDAwMDAsImRlbGV0ZSI6MTIwMDAwMDAwMDAwMH0sInNjaGVtYV92ZXJzaW9uIjoiMSJ9",
          "dependencies": [
            "data.aws_availability_zones.available",
            "module.vpc.aws_vpc.this",
            "module.vpc.aws_vpc_ipv4_cidr_block_association.this"
          ]
        },
        {
          "index_key": 2,
          "schema_version": 1,
          "attributes": {
            "arn": "arn:aws:ec2:ap-south-1:618965466527:subnet/subnet-079cc53b7b97a29cd",
            "assign_ipv6_address_on_creation": false,
            "availability_zone": "ap-south-1c",
            "availability_zone_id": "aps1-az2",
            "cidr_block": "10.0.103.0/24",
            "customer_owned_ipv4_pool": "",
            "enable_dns64": false,
            "enable_resource_name_dns_a_record_on_launch": false,
            "enable_resource_name_dns_aaaa_record_on_launch": false,
            "id": "subnet-079cc53b7b97a29cd",
            "ipv6_cidr_block": "",
            "ipv6_cidr_block_association_id": "",
            "ipv6_native": false,
            "map_customer_owned_ip_on_launch": false,
            "map_public_ip_on_launch": true,
            "outpost_arn": "",
            "owner_id": "618965466527",
            "private_dns_hostname_type_on_launch": "ip-name",
            "tags": {
              "Name": "chaos_genius-poc-vpc",
              "company": "ChaosGenius",
              "env": "poc",
              "project": "ChaosGenius-k8s-scaling"
            },
            "tags_all": {
              "Name": "chaos_genius-poc-vpc",
              "company": "ChaosGenius",
              "env": "poc",
              "project": "ChaosGenius-k8s-scaling"
            },
            "timeouts": null,
            "vpc_id": "vpc-0ccf3eef7a22febd5"
          },
          "sensitive_attributes": [],
          "private": "eyJlMmJmYjczMC1lY2FhLTExZTYtOGY4OC0zNDM2M2JjN2M0YzAiOnsiY3JlYXRlIjo2MDAwMDAwMDAwMDAsImRlbGV0ZSI6MTIwMDAwMDAwMDAwMH0sInNjaGVtYV92ZXJzaW9uIjoiMSJ9",
          "dependencies": [
            "data.aws_availability_zones.available",
            "module.vpc.aws_vpc.this",
            "module.vpc.aws_vpc_ipv4_cidr_block_association.this"
          ]
        }
      ]
    },
    {
      "module": "module.vpc",
      "mode": "managed",
      "type": "aws_vpc",
      "name": "this",
      "provider": "provider[\"registry.terraform.io/hashicorp/aws\"]",
      "instances": [
        {
          "index_key": 0,
          "schema_version": 1,
          "attributes": {
            "arn": "arn:aws:ec2:ap-south-1:618965466527:vpc/vpc-0ccf3eef7a22febd5",
            "assign_generated_ipv6_cidr_block": false,
            "cidr_block": "10.0.0.0/16",
            "default_network_acl_id": "acl-05d8f8749404fabb9",
            "default_route_table_id": "rtb-00578f5db2d36280f",
            "default_security_group_id": "sg-03d2ae6dda311e71f",
            "dhcp_options_id": "dopt-a18d6eca",
            "enable_classiclink": false,
            "enable_classiclink_dns_support": false,
            "enable_dns_hostnames": true,
            "enable_dns_support": true,
            "id": "vpc-0ccf3eef7a22febd5",
            "instance_tenancy": "default",
            "ipv4_ipam_pool_id": null,
            "ipv4_netmask_length": null,
            "ipv6_association_id": "",
            "ipv6_cidr_block": "",
            "ipv6_cidr_block_network_border_group": "",
            "ipv6_ipam_pool_id": "",
            "ipv6_netmask_length": 0,
            "main_route_table_id": "rtb-00578f5db2d36280f",
            "owner_id": "618965466527",
            "tags": {
              "Name": "chaos_genius-poc-vpc",
              "company": "ChaosGenius",
              "env": "poc",
              "project": "ChaosGenius-k8s-scaling"
            },
            "tags_all": {
              "Name": "chaos_genius-poc-vpc",
              "company": "ChaosGenius",
              "env": "poc",
              "project": "ChaosGenius-k8s-scaling"
            }
          },
          "sensitive_attributes": [],
          "private": "eyJzY2hlbWFfdmVyc2lvbiI6IjEifQ==",
          "create_before_destroy": true
        }
      ]
    }
  ]
}
